// !$*UTF8*$!
{
	archiveVersion = 1;
	classes = {
	};
	objectVersion = 77;
	objects = {

/* Begin PBXBuildFile section */
		00965279FDC9BEBC7AB82041 /* ai_models_claude_opus_4_7_opus_4_7_agents.m4a in Resources */ = {isa = PBXBuildFile; fileRef = EFC916297B66AD9095F12F0E /* ai_models_claude_opus_4_7_opus_4_7_agents.m4a */; };
		00D8FEDDF592A38B81BD0BDA /* ai_models_claude_sonnet_4_6_sonnet_4_6_vision.m4a in Resources */ = {isa = PBXBuildFile; fileRef = 2943ACDF5F5F4948C93818F6 /* ai_models_claude_sonnet_4_6_sonnet_4_6_vision.m4a */; };
		02D4C3D19BC6147365CD8F79 /* ai_models_gpt_5_gpt_5_production.m4a in Resources */ = {isa = PBXBuildFile; fileRef = 79C3FD76EBFF412A73AA0C44 /* ai_models_gpt_5_gpt_5_production.m4a */; };
		046CBD756EDAFC94F4920C22 /* ai_tools_claude_code_claude_code_slash_commands.m4a in Resources */ = {isa = PBXBuildFile; fileRef = 009A1124321056E613F9C508 /* ai_tools_claude_code_claude_code_slash_commands.m4a */; };
		067FCAD81F5DF7826797D445 /* ai_models_claude_opus_4_7_opus_4_7_overview.m4a in Resources */ = {isa = PBXBuildFile; fileRef = 94E4D8EF537E7C23D0EE0670 /* ai_models_claude_opus_4_7_opus_4_7_overview.m4a */; };
		0E81BDC5E353787D60E6D636 /* ai_tools_github_copilot_tool_copilot_inline_chat.m4a in Resources */ = {isa = PBXBuildFile; fileRef = 9302B5B8A37DE0DBBDE4C361 /* ai_tools_github_copilot_tool_copilot_inline_chat.m4a */; };
		0E9977E757904F0137FDFF3E /* ai_tools_github_copilot_tool_copilot_enterprise.m4a in Resources */ = {isa = PBXBuildFile; fileRef = 7FF3E3D221331917B7BBFEDF /* ai_tools_github_copilot_tool_copilot_enterprise.m4a */; };
		0FF694E56B8B6FB5261F8395 /* CourseListView.swift in Sources */ = {isa = PBXBuildFile; fileRef = F53861EFE29112694C05914D /* CourseListView.swift */; };
		1215EF68FDD4FABDDF86ED36 /* ai_models_gpt_4o_gpt_4o_vision.m4a in Resources */ = {isa = PBXBuildFile; fileRef = DFC05A08D38F9F73A9BAF687 /* ai_models_gpt_4o_gpt_4o_vision.m4a */; };
		1358D1A825A1EE74A5B16BF3 /* Assets.xcassets in Resources */ = {isa = PBXBuildFile; fileRef = 08C8B8188F00693AB88BB471 /* Assets.xcassets */; };
		14CAEDDF5B83A2A9E8326A1E /* ai_models_claude_sonnet_4_6_sonnet_4_6_tool_use.m4a in Resources */ = {isa = PBXBuildFile; fileRef = 9DDC261E9B5453DBFB016ED1 /* ai_models_claude_sonnet_4_6_sonnet_4_6_tool_use.m4a */; };
		17A674F6331ACC3AF15C8BED /* anthropic_claude_opus_deep_dive_opus_47_overview.m4a in Resources */ = {isa = PBXBuildFile; fileRef = C41495BBC32632655ADECD39 /* anthropic_claude_opus_deep_dive_opus_47_overview.m4a */; };
		188C94E1D64067A7BF0B2CC0 /* Inter-Bold.ttf in Resources */ = {isa = PBXBuildFile; fileRef = 4AE70DECEC1ACE1ABD4C3CD0 /* Inter-Bold.ttf */; };
		23B5C6D10777DE1E338678BB /* ai_models_claude_opus_4_7_opus_4_7_coding.m4a in Resources */ = {isa = PBXBuildFile; fileRef = 38C27F2B6ED65C296FB08DF3 /* ai_models_claude_opus_4_7_opus_4_7_coding.m4a */; };
		244273F3E79C7CB0ADAE9BCB /* ai_models_claude_sonnet_4_6_sonnet_4_6_vs_others.m4a in Resources */ = {isa = PBXBuildFile; fileRef = 66EA8106C314D7B4F42A89AA /* ai_models_claude_sonnet_4_6_sonnet_4_6_vs_others.m4a */; };
		277DC2F886BBF551B095D523 /* Inter-Regular.ttf in Resources */ = {isa = PBXBuildFile; fileRef = 8A48CC512DB78E85494492C1 /* Inter-Regular.ttf */; };
		2785E672ED7CFFABCD94D6F5 /* ai_tools_cursor_editor_cursor_rules.m4a in Resources */ = {isa = PBXBuildFile; fileRef = 03DA93F0362A8ABC5C13EAB8 /* ai_tools_cursor_editor_cursor_rules.m4a */; };
		279CFA08E6E0787CFA5ACB1B /* ai_models_gpt_4o_gpt_4o_structured_outputs.m4a in Resources */ = {isa = PBXBuildFile; fileRef = DEE5C49DEF1CCD21724F65EB /* ai_models_gpt_4o_gpt_4o_structured_outputs.m4a */; };
		283B0394690168E3A2C2F5BD /* AudioPlayer.swift in Sources */ = {isa = PBXBuildFile; fileRef = A02A134AB776338B675AEE55 /* AudioPlayer.swift */; };
		293267FF38E05952CE553B03 /* ai_tools_claude_code_claude_code_hooks.m4a in Resources */ = {isa = PBXBuildFile; fileRef = 8398682DB4A14D20D7F0DCEB /* ai_tools_claude_code_claude_code_hooks.m4a */; };
		2A0396DD9CDD8C57EC199479 /* anthropic_claude_model_selection_model_selection_overview.m4a in Resources */ = {isa = PBXBuildFile; fileRef = C9FB74DC523824891AAFCC5C /* anthropic_claude_model_selection_model_selection_overview.m4a */; };
		2A376B6275D4DB63728DF2B5 /* anthropic_claude_model_selection_cascade_pattern.m4a in Resources */ = {isa = PBXBuildFile; fileRef = C33D0A3683D146630A9763A5 /* anthropic_claude_model_selection_cascade_pattern.m4a */; };
		2CF9F1930E80AFC606902928 /* Inter-ExtraBold.ttf in Resources */ = {isa = PBXBuildFile; fileRef = 8FDC763EB09F008B1058AB20 /* Inter-ExtraBold.ttf */; };
		303A2A74853592D87243A9E4 /* ai_tools_github_copilot_tool_copilot_instructions.m4a in Resources */ = {isa = PBXBuildFile; fileRef = 0FB7F6F2B3DCB4E252429ACF /* ai_tools_github_copilot_tool_copilot_instructions.m4a */; };
		3247E1393EF0128BF7071435 /* ai_tools_aider_aider_repo_map.m4a in Resources */ = {isa = PBXBuildFile; fileRef = C6673A327BF009FD10A2B8B8 /* ai_tools_aider_aider_repo_map.m4a */; };
		333A3938434C7108E9975B3F /* ai_models_gpt_4o_gpt_4o_audio.m4a in Resources */ = {isa = PBXBuildFile; fileRef = E981D7B7FB79DFAF8EB6C31F /* ai_models_gpt_4o_gpt_4o_audio.m4a */; };
		439087345E185785533B527E /* SeedSyllabus.swift in Sources */ = {isa = PBXBuildFile; fileRef = 915656A1FFA2E07AA6E4B96F /* SeedSyllabus.swift */; };
		4811750116219E248C481AD9 /* ai_tools_claude_code_claude_code_subagents.m4a in Resources */ = {isa = PBXBuildFile; fileRef = 3548D9052C4016BA952BCD20 /* ai_tools_claude_code_claude_code_subagents.m4a */; };
		4A643A5F01553E2D37FA49B3 /* Endpoints.swift in Sources */ = {isa = PBXBuildFile; fileRef = AC2093111E569E55269D99ED /* Endpoints.swift */; };
		4C005CFB08CFC865919C3A2A /* ai_models_claude_opus_4_7_opus_4_7_1m_context.m4a in Resources */ = {isa = PBXBuildFile; fileRef = 743930524942AB49C6CD433A /* ai_models_claude_opus_4_7_opus_4_7_1m_context.m4a */; };
		4CECAEBACA380A9508C8E933 /* ai_models_claude_haiku_4_5_haiku_4_5_batch.m4a in Resources */ = {isa = PBXBuildFile; fileRef = 057F52356B33A099EAAECE85 /* ai_models_claude_haiku_4_5_haiku_4_5_batch.m4a */; };
		4FB090070625A211BFC4EFF4 /* ai_tools_claude_code_claude_code_team_workflows.m4a in Resources */ = {isa = PBXBuildFile; fileRef = CD78120E400A91E38C926FCA /* ai_tools_claude_code_claude_code_team_workflows.m4a */; };
		561FD32C60C61CAE51E7923D /* anthropic_claude_sonnet_deep_dive_price_quality_latency_trade_off.m4a in Resources */ = {isa = PBXBuildFile; fileRef = E7B23EE9AE8B0AE58F8F60C2 /* anthropic_claude_sonnet_deep_dive_price_quality_latency_trade_off.m4a */; };
		5755BD642FB2D6BF20F85488 /* anthropic_claude_sonnet_deep_dive_production_workhorse_positioning.m4a in Resources */ = {isa = PBXBuildFile; fileRef = 463E0955DB79F6769175DEED /* anthropic_claude_sonnet_deep_dive_production_workhorse_positioning.m4a */; };
		5806B3155E84E7F4F8D51A85 /* ai_models_gpt_4o_gpt_4o_overview.m4a in Resources */ = {isa = PBXBuildFile; fileRef = 86F7DB870ACC0D48F2BA68DF /* ai_models_gpt_4o_gpt_4o_overview.m4a */; };
		60EC698969AD2308B7A6BC32 /* PrivacyInfo.xcprivacy in Resources */ = {isa = PBXBuildFile; fileRef = 6AC727628CBFAD20395D1D08 /* PrivacyInfo.xcprivacy */; };
		665CFC28E10D5BD18BC2A1D9 /* LessonView.swift in Sources */ = {isa = PBXBuildFile; fileRef = BA0C316774CB8A7822405467 /* LessonView.swift */; };
		6858701CAD3AF0DF6D0CD8A4 /* ai_tools_continue_dev_continue_custom_commands.m4a in Resources */ = {isa = PBXBuildFile; fileRef = 6F088EC8D0E93B2941272F28 /* ai_tools_continue_dev_continue_custom_commands.m4a */; };
		6B8ACF19C01450C94BEB99D6 /* ai_tools_continue_dev_continue_overview.m4a in Resources */ = {isa = PBXBuildFile; fileRef = 7F298F76FC9C15523D153E08 /* ai_tools_continue_dev_continue_overview.m4a */; };
		6C9E8FEB95AD79FD593CE52C /* ai_models_claude_sonnet_4_6_sonnet_4_6_production.m4a in Resources */ = {isa = PBXBuildFile; fileRef = FB96B326B126B0673B073541 /* ai_models_claude_sonnet_4_6_sonnet_4_6_production.m4a */; };
		6DAB3D44324D5123CCFAA127 /* anthropic_claude_haiku_deep_dive_fast_cheap_positioning.m4a in Resources */ = {isa = PBXBuildFile; fileRef = BF562CBAB1DAF54A7BCB8B75 /* anthropic_claude_haiku_deep_dive_fast_cheap_positioning.m4a */; };
		6E13D388087A5BF9F9577A9A /* ai_models_gpt_5_gpt_5_capabilities.m4a in Resources */ = {isa = PBXBuildFile; fileRef = 343EF40B6347A5ACAF62CBFC /* ai_models_gpt_5_gpt_5_capabilities.m4a */; };
		6F89FB047C4F5EA677440253 /* ai_tools_aider_aider_voice.m4a in Resources */ = {isa = PBXBuildFile; fileRef = 45545C253C15F2C71B4CE76D /* ai_tools_aider_aider_voice.m4a */; };
		7044160E96C42768665D4C98 /* ai_models_gpt_5_gpt_5_context_multimodal.m4a in Resources */ = {isa = PBXBuildFile; fileRef = C7E8728DA32C5373524DD4DC /* ai_models_gpt_5_gpt_5_context_multimodal.m4a */; };
		7804A0C4C2276685298A5E66 /* ai_tools_cursor_editor_cursor_mcp.m4a in Resources */ = {isa = PBXBuildFile; fileRef = 995F4A3A5A3E0D7FCA6CB4C7 /* ai_tools_cursor_editor_cursor_mcp.m4a */; };
		7A123DACA20BA94740F98402 /* WebView.swift in Sources */ = {isa = PBXBuildFile; fileRef = 3236EB4F5397317DFE07620F /* WebView.swift */; };
		7C335A1D03A354A37EF3E7E3 /* anthropic_claude_model_selection_decision_framework.m4a in Resources */ = {isa = PBXBuildFile; fileRef = BFE6872920A08647573FB144 /* anthropic_claude_model_selection_decision_framework.m4a */; };
		7D9473C925F01F5DFAF9CD5D /* anthropic_claude_haiku_deep_dive_cost_optimisation.m4a in Resources */ = {isa = PBXBuildFile; fileRef = 012B9C620BFDC74A474F8C35 /* anthropic_claude_haiku_deep_dive_cost_optimisation.m4a */; };
		7E51E2E8DD6E014A5556C511 /* ai_tools_aider_aider_git.m4a in Resources */ = {isa = PBXBuildFile; fileRef = 0CB08268AD42F0E736FAD837 /* ai_tools_aider_aider_git.m4a */; };
		7EB55FB2DB935E8CF2827441 /* CarPlayPlaybackController.swift in Sources */ = {isa = PBXBuildFile; fileRef = 07656F58D84B0DB205833394 /* CarPlayPlaybackController.swift */; };
		7F408630ACA1AD8601383D68 /* anthropic_claude_claude_models_overview_opus_sonnet_haiku_positioning.m4a in Resources */ = {isa = PBXBuildFile; fileRef = 1AA1551234439122C73AF6D1 /* anthropic_claude_claude_models_overview_opus_sonnet_haiku_positioning.m4a */; };
		7FC7EE43E43E87A6AFE32717 /* ai_models_gpt_5_gpt_5_tool_use.m4a in Resources */ = {isa = PBXBuildFile; fileRef = 4BD92A046132373E41B17C2C /* ai_models_gpt_5_gpt_5_tool_use.m4a */; };
		8015A804E8AA68AA002A8789 /* ai_models_claude_haiku_4_5_haiku_4_5_latency.m4a in Resources */ = {isa = PBXBuildFile; fileRef = 069A931B7ED1560F03DDF43F /* ai_models_claude_haiku_4_5_haiku_4_5_latency.m4a */; };
		801C4389510EA7C4804831A9 /* Models.swift in Sources */ = {isa = PBXBuildFile; fileRef = 9BD205F09F6E6105A33A2ED7 /* Models.swift */; };
		83D43373E09A12104FA0BE27 /* ai_tools_claude_code_claude_code_mcp.m4a in Resources */ = {isa = PBXBuildFile; fileRef = BE4E258FD0E3E9B58928E489 /* ai_tools_claude_code_claude_code_mcp.m4a */; };
		844A3EEB85EB3E47FA5EA702 /* ai_models_gpt_5_gpt_5_overview.m4a in Resources */ = {isa = PBXBuildFile; fileRef = EFE184DAAEC4D11EBD23F236 /* ai_models_gpt_5_gpt_5_overview.m4a */; };
		884F4E6B6434707AD040DBB5 /* anthropic_claude_haiku_deep_dive_haiku_workload_patterns.m4a in Resources */ = {isa = PBXBuildFile; fileRef = 8154B9FC1C220616A5A82EB1 /* anthropic_claude_haiku_deep_dive_haiku_workload_patterns.m4a */; };
		88F2C921D00CDF39C946C53F /* anthropic_claude_haiku_deep_dive_haiku_first_design_pattern.m4a in Resources */ = {isa = PBXBuildFile; fileRef = 7A3A26590BE398E8B304B9C5 /* anthropic_claude_haiku_deep_dive_haiku_first_design_pattern.m4a */; };
		897586527258385D19F6CF61 /* Inter-SemiBold.ttf in Resources */ = {isa = PBXBuildFile; fileRef = 0FB009C9C24C062BDA43A8B3 /* Inter-SemiBold.ttf */; };
		8B7AB5296CC2C926FE546959 /* ai_tools_aider_aider_architect_edit.m4a in Resources */ = {isa = PBXBuildFile; fileRef = D5F42D09CEFA950875CD7B44 /* ai_tools_aider_aider_architect_edit.m4a */; };
		915D8343D9AA04F181AC48CA /* SyllabusStore.swift in Sources */ = {isa = PBXBuildFile; fileRef = 9577FAC88094FE7F5B98B93C /* SyllabusStore.swift */; };
		989DB520648B04124537FFC2 /* anthropic_claude_model_selection_selection_template.m4a in Resources */ = {isa = PBXBuildFile; fileRef = D2303C80A3F9B48ABF6A00B8 /* anthropic_claude_model_selection_selection_template.m4a */; };
		991D6215A61487A15ABFA102 /* ai_tools_cursor_editor_cursor_overview.m4a in Resources */ = {isa = PBXBuildFile; fileRef = 94728D0E9102BE04DE07C10D /* ai_tools_cursor_editor_cursor_overview.m4a */; };
		996933480DA12C50C0D3D9B0 /* anthropic_claude_claude_models_overview_context_windows_across_the_family.m4a in Resources */ = {isa = PBXBuildFile; fileRef = 34D28735643C63BD29AFC2EF /* anthropic_claude_claude_models_overview_context_windows_across_the_family.m4a */; };
		9B221AEC616CA1C6030E886D /* ai_models_claude_haiku_4_5_haiku_4_5_routing.m4a in Resources */ = {isa = PBXBuildFile; fileRef = DA617860F79F17A0013B4A0F /* ai_models_claude_haiku_4_5_haiku_4_5_routing.m4a */; };
		9B32C4F5851EF9EA592EA6B9 /* ai_models_claude_sonnet_4_6_sonnet_4_6_overview.m4a in Resources */ = {isa = PBXBuildFile; fileRef = 099242305EE10AE1CEF37578 /* ai_models_claude_sonnet_4_6_sonnet_4_6_overview.m4a */; };
		9D245D5088459E4361B7818C /* anthropic_claude_model_selection_benchmark_mapping.m4a in Resources */ = {isa = PBXBuildFile; fileRef = 4CB965BA6F7D6728CC3722E4 /* anthropic_claude_model_selection_benchmark_mapping.m4a */; };
		9D9AC33D09E50E2B436B292B /* ai_tools_github_copilot_tool_copilot_overview.m4a in Resources */ = {isa = PBXBuildFile; fileRef = DB41B3796CD7C4F7D61F014E /* ai_tools_github_copilot_tool_copilot_overview.m4a */; };
		9FF2C5DEDD1186C89360F51C /* Inter-Medium.ttf in Resources */ = {isa = PBXBuildFile; fileRef = 9FD84CF41DCF1520C9264C02 /* Inter-Medium.ttf */; };
		A3755C5E61E4918C20D8E5DF /* anthropic_claude_opus_deep_dive_opus_workload_patterns.m4a in Resources */ = {isa = PBXBuildFile; fileRef = 0DAE652FB276B4CA17642992 /* anthropic_claude_opus_deep_dive_opus_workload_patterns.m4a */; };
		A4D6161353E6FEDB26BEA8BC /* anthropic_claude_sonnet_deep_dive_sonnet_46_overview.m4a in Resources */ = {isa = PBXBuildFile; fileRef = CBC45B191A9F5A597E1DCA57 /* anthropic_claude_sonnet_deep_dive_sonnet_46_overview.m4a */; };
		A4F2683F1C48A4766CC53752 /* Theme.swift in Sources */ = {isa = PBXBuildFile; fileRef = 665711085AC4DAD676EEB693 /* Theme.swift */; };
		A57536E5C77084E81A6A67C5 /* anthropic_claude_claude_models_overview_family_vs_external_models.m4a in Resources */ = {isa = PBXBuildFile; fileRef = F334D05FF1DE6BA081949EEC /* anthropic_claude_claude_models_overview_family_vs_external_models.m4a */; };
		A92F5B9C01867CFB99B5B5BE /* anthropic_claude_claude_models_overview_family_pricing_shape.m4a in Resources */ = {isa = PBXBuildFile; fileRef = 080C69B7E770DE26472A9375 /* anthropic_claude_claude_models_overview_family_pricing_shape.m4a */; };
		AA096B0A188A775E6A8AECEC /* anthropic_claude_sonnet_deep_dive_opus_sonnet_cascade.m4a in Resources */ = {isa = PBXBuildFile; fileRef = AC8250B3AF7D1D0C5D6D807D /* anthropic_claude_sonnet_deep_dive_opus_sonnet_cascade.m4a */; };
		AAFDD2681A4F60A9130E0106 /* ai_tools_continue_dev_continue_vs_cursor.m4a in Resources */ = {isa = PBXBuildFile; fileRef = DB5DAD04B6E4B2903E82627D /* ai_tools_continue_dev_continue_vs_cursor.m4a */; };
		B3D0F11F40BDB06AB93995B5 /* anthropic_claude_opus_deep_dive_1m_context_capability.m4a in Resources */ = {isa = PBXBuildFile; fileRef = EE4B5BD7AB15769EF7179C53 /* anthropic_claude_opus_deep_dive_1m_context_capability.m4a */; };
		B591971B2EE9F173CE349DC8 /* ai_models_gpt_4o_gpt_4o_mini.m4a in Resources */ = {isa = PBXBuildFile; fileRef = F622417153306B803A9BC6AF /* ai_models_gpt_4o_gpt_4o_mini.m4a */; };
		B9BCFF69A724A76A3466F8AE /* ai_models_claude_sonnet_4_6_sonnet_4_6_cost_quality.m4a in Resources */ = {isa = PBXBuildFile; fileRef = 1AACB05CD66A208D31406C74 /* ai_models_claude_sonnet_4_6_sonnet_4_6_cost_quality.m4a */; };
		BB429BF3B7C147220E0075C5 /* ai_models_claude_haiku_4_5_haiku_4_5_production.m4a in Resources */ = {isa = PBXBuildFile; fileRef = F5538E723ED637589CAE1390 /* ai_models_claude_haiku_4_5_haiku_4_5_production.m4a */; };
		BDB10B5EAD1E9021F08F5971 /* CourseDetailView.swift in Sources */ = {isa = PBXBuildFile; fileRef = 580900A2ABEF106E743CF642 /* CourseDetailView.swift */; };
		C032B5E7178E00F7DDAB3A2B /* ai_tools_cursor_editor_cursor_tab.m4a in Resources */ = {isa = PBXBuildFile; fileRef = 8DBE3D8E6104B0764ADFD102 /* ai_tools_cursor_editor_cursor_tab.m4a */; };
		C0459AFB1E91367193AA8154 /* anthropic_claude_opus_deep_dive_cost_latency_profile.m4a in Resources */ = {isa = PBXBuildFile; fileRef = 381937492876CA78BB330606 /* anthropic_claude_opus_deep_dive_cost_latency_profile.m4a */; };
		C17BD017D18FCEA8261F6D2B /* ai_tools_claude_code_claude_code_overview.m4a in Resources */ = {isa = PBXBuildFile; fileRef = 364F279B5BC30F52BC07E4D6 /* ai_tools_claude_code_claude_code_overview.m4a */; };
		C24A8813E124C55B47FAF684 /* anthropic_claude_claude_models_overview_picking_a_family_tier.m4a in Resources */ = {isa = PBXBuildFile; fileRef = D8AB90D026B154B2631B344C /* anthropic_claude_claude_models_overview_picking_a_family_tier.m4a */; };
		C36A1FC70AA65654439F8ED7 /* anthropic_claude_haiku_deep_dive_haiku_45_overview.m4a in Resources */ = {isa = PBXBuildFile; fileRef = FCD95DF402A4C25B565F6782 /* anthropic_claude_haiku_deep_dive_haiku_45_overview.m4a */; };
		C473D8F8EF9D6FD50DBB57A6 /* ai_models_claude_haiku_4_5_haiku_4_5_overview.m4a in Resources */ = {isa = PBXBuildFile; fileRef = 0D41B586BC6378D94337CB32 /* ai_models_claude_haiku_4_5_haiku_4_5_overview.m4a */; };
		CA18672D435B6EE241AE227A /* anthropic_claude_model_selection_eval_discipline.m4a in Resources */ = {isa = PBXBuildFile; fileRef = 65EB5A22E52C7EC1B2068F94 /* anthropic_claude_model_selection_eval_discipline.m4a */; };
		CB9E5F4838B4556CBDB6C0D9 /* anthropic_claude_opus_deep_dive_frontier_reasoning.m4a in Resources */ = {isa = PBXBuildFile; fileRef = A678FE0F18F11B55B5B7B89F /* anthropic_claude_opus_deep_dive_frontier_reasoning.m4a */; };
		CCB8077664101123900C7D82 /* ai_tools_continue_dev_continue_self_hosted.m4a in Resources */ = {isa = PBXBuildFile; fileRef = ACC914DC991EB1C1C5883A83 /* ai_tools_continue_dev_continue_self_hosted.m4a */; };
		CD111879CBF9B103A35027C5 /* anthropic_claude_sonnet_deep_dive_migrating_from_earlier_sonnet.m4a in Resources */ = {isa = PBXBuildFile; fileRef = 45DEDC6699F7F824D2FF3154 /* anthropic_claude_sonnet_deep_dive_migrating_from_earlier_sonnet.m4a */; };
		D1A037757CFD67F55EA4A994 /* ai_tools_github_copilot_tool_copilot_workspace.m4a in Resources */ = {isa = PBXBuildFile; fileRef = D25AF297AE521DDB82B0444E /* ai_tools_github_copilot_tool_copilot_workspace.m4a */; };
		D568162FA15AA70702FB1C6C /* ai_tools_cursor_editor_cursor_team.m4a in Resources */ = {isa = PBXBuildFile; fileRef = 50EE41769456B3CC7C7CBC43 /* ai_tools_cursor_editor_cursor_team.m4a */; };
		D6757EA4EB90EB40E4C058B6 /* AISchoolApp.swift in Sources */ = {isa = PBXBuildFile; fileRef = BF1F8ED864E9EF6BD2F8ED29 /* AISchoolApp.swift */; };
		D68DD51213FBDB92A90C3C95 /* anthropic_claude_opus_deep_dive_opus_vs_sonnet_decision.m4a in Resources */ = {isa = PBXBuildFile; fileRef = 860760BA2B21DA042085C246 /* anthropic_claude_opus_deep_dive_opus_vs_sonnet_decision.m4a */; };
		D72E652C3E54E816CCE72687 /* ai_tools_aider_aider_overview.m4a in Resources */ = {isa = PBXBuildFile; fileRef = A214EC91806DDBDA3E8EADB3 /* ai_tools_aider_aider_overview.m4a */; };
		D794C4731AB56AAD09886088 /* ai_tools_continue_dev_continue_context_providers.m4a in Resources */ = {isa = PBXBuildFile; fileRef = C400AEC7EBB531F57E012C17 /* ai_tools_continue_dev_continue_context_providers.m4a */; };
		DED392FF1451546802065CA5 /* ai_models_gpt_5_gpt_5_pricing.m4a in Resources */ = {isa = PBXBuildFile; fileRef = 8DD293B64A5DDBA01010ADEA /* ai_models_gpt_5_gpt_5_pricing.m4a */; };
		DF6FB1F78B6A82C72F37177A /* anthropic_claude_sonnet_deep_dive_sonnet_workload_patterns.m4a in Resources */ = {isa = PBXBuildFile; fileRef = 5D88E8D36893741AB0B46ABC /* anthropic_claude_sonnet_deep_dive_sonnet_workload_patterns.m4a */; };
		E05BC1FBAD8FDC1CAB71C3D7 /* ai_tools_github_copilot_tool_copilot_agent_mode.m4a in Resources */ = {isa = PBXBuildFile; fileRef = 36F74C6510EC60E91053FDC8 /* ai_tools_github_copilot_tool_copilot_agent_mode.m4a */; };
		E1E7EC90B8CDC694892C9704 /* ai_models_claude_haiku_4_5_haiku_4_5_vs_mini.m4a in Resources */ = {isa = PBXBuildFile; fileRef = F38190A31B06B09FDDE7AAFC /* ai_models_claude_haiku_4_5_haiku_4_5_vs_mini.m4a */; };
		E68ED04355DD906FB16C8018 /* ai_tools_aider_aider_models.m4a in Resources */ = {isa = PBXBuildFile; fileRef = 6199D8AD8CADC8AF072A6180 /* ai_tools_aider_aider_models.m4a */; };
		ECE3B3EF4BD87313D3F2AA77 /* CarPlaySceneDelegate.swift in Sources */ = {isa = PBXBuildFile; fileRef = 1745726FCC2B6050CF075F3E /* CarPlaySceneDelegate.swift */; };
		ED66AC7D870067E12AF5213F /* ai_models_claude_opus_4_7_opus_4_7_vs_sonnet.m4a in Resources */ = {isa = PBXBuildFile; fileRef = E13AD87AEA7C6E2B0F5DD22C /* ai_models_claude_opus_4_7_opus_4_7_vs_sonnet.m4a */; };
		EFBC70FE1B2B0AE13EA5C992 /* anthropic_claude_haiku_deep_dive_latency_targets.m4a in Resources */ = {isa = PBXBuildFile; fileRef = CD6B5D15251CD15F4A6A6B48 /* anthropic_claude_haiku_deep_dive_latency_targets.m4a */; };
		F057C966B76D18BDBCAECC67 /* ai_tools_continue_dev_continue_config.m4a in Resources */ = {isa = PBXBuildFile; fileRef = 2CB972E77A262F45092F5DD6 /* ai_tools_continue_dev_continue_config.m4a */; };
		F1726C787496C704B77E4A8B /* syllabus.json in Resources */ = {isa = PBXBuildFile; fileRef = F753D37CB9782C25D17D2B73 /* syllabus.json */; };
		F659AEE70527855E05C80930 /* ai_models_claude_opus_4_7_opus_4_7_production.m4a in Resources */ = {isa = PBXBuildFile; fileRef = CC134880D9D6A98DC935D8ED /* ai_models_claude_opus_4_7_opus_4_7_production.m4a */; };
		F74F6D2814A37DF046E187A1 /* ai_tools_cursor_editor_cursor_composer_agent.m4a in Resources */ = {isa = PBXBuildFile; fileRef = F732853162BBBB3C85D72043 /* ai_tools_cursor_editor_cursor_composer_agent.m4a */; };
		FA8F66D9EEDCC253BF087340 /* anthropic_claude_claude_models_overview_claude_family_overview.m4a in Resources */ = {isa = PBXBuildFile; fileRef = 9C9B4E11BB0E47588610D842 /* anthropic_claude_claude_models_overview_claude_family_overview.m4a */; };
		FBD98590B2655D0ABA149BCC /* ai_models_gpt_4o_gpt_4o_production.m4a in Resources */ = {isa = PBXBuildFile; fileRef = 3F41380F16CE598ADB9D4E31 /* ai_models_gpt_4o_gpt_4o_production.m4a */; };
/* End PBXBuildFile section */

/* Begin PBXFileReference section */
		009A1124321056E613F9C508 /* ai_tools_claude_code_claude_code_slash_commands.m4a */ = {isa = PBXFileReference; path = ai_tools_claude_code_claude_code_slash_commands.m4a; sourceTree = "<group>"; };
		012B9C620BFDC74A474F8C35 /* anthropic_claude_haiku_deep_dive_cost_optimisation.m4a */ = {isa = PBXFileReference; path = anthropic_claude_haiku_deep_dive_cost_optimisation.m4a; sourceTree = "<group>"; };
		03DA93F0362A8ABC5C13EAB8 /* ai_tools_cursor_editor_cursor_rules.m4a */ = {isa = PBXFileReference; path = ai_tools_cursor_editor_cursor_rules.m4a; sourceTree = "<group>"; };
		057F52356B33A099EAAECE85 /* ai_models_claude_haiku_4_5_haiku_4_5_batch.m4a */ = {isa = PBXFileReference; path = ai_models_claude_haiku_4_5_haiku_4_5_batch.m4a; sourceTree = "<group>"; };
		069A931B7ED1560F03DDF43F /* ai_models_claude_haiku_4_5_haiku_4_5_latency.m4a */ = {isa = PBXFileReference; path = ai_models_claude_haiku_4_5_haiku_4_5_latency.m4a; sourceTree = "<group>"; };
		07656F58D84B0DB205833394 /* CarPlayPlaybackController.swift */ = {isa = PBXFileReference; lastKnownFileType = sourcecode.swift; path = CarPlayPlaybackController.swift; sourceTree = "<group>"; };
		080C69B7E770DE26472A9375 /* anthropic_claude_claude_models_overview_family_pricing_shape.m4a */ = {isa = PBXFileReference; path = anthropic_claude_claude_models_overview_family_pricing_shape.m4a; sourceTree = "<group>"; };
		08C8B8188F00693AB88BB471 /* Assets.xcassets */ = {isa = PBXFileReference; lastKnownFileType = folder.assetcatalog; path = Assets.xcassets; sourceTree = "<group>"; };
		099242305EE10AE1CEF37578 /* ai_models_claude_sonnet_4_6_sonnet_4_6_overview.m4a */ = {isa = PBXFileReference; path = ai_models_claude_sonnet_4_6_sonnet_4_6_overview.m4a; sourceTree = "<group>"; };
		0CB08268AD42F0E736FAD837 /* ai_tools_aider_aider_git.m4a */ = {isa = PBXFileReference; path = ai_tools_aider_aider_git.m4a; sourceTree = "<group>"; };
		0D41B586BC6378D94337CB32 /* ai_models_claude_haiku_4_5_haiku_4_5_overview.m4a */ = {isa = PBXFileReference; path = ai_models_claude_haiku_4_5_haiku_4_5_overview.m4a; sourceTree = "<group>"; };
		0DAE652FB276B4CA17642992 /* anthropic_claude_opus_deep_dive_opus_workload_patterns.m4a */ = {isa = PBXFileReference; path = anthropic_claude_opus_deep_dive_opus_workload_patterns.m4a; sourceTree = "<group>"; };
		0FB009C9C24C062BDA43A8B3 /* Inter-SemiBold.ttf */ = {isa = PBXFileReference; lastKnownFileType = file; path = "Inter-SemiBold.ttf"; sourceTree = "<group>"; };
		0FB7F6F2B3DCB4E252429ACF /* ai_tools_github_copilot_tool_copilot_instructions.m4a */ = {isa = PBXFileReference; path = ai_tools_github_copilot_tool_copilot_instructions.m4a; sourceTree = "<group>"; };
		1745726FCC2B6050CF075F3E /* CarPlaySceneDelegate.swift */ = {isa = PBXFileReference; lastKnownFileType = sourcecode.swift; path = CarPlaySceneDelegate.swift; sourceTree = "<group>"; };
		1AA1551234439122C73AF6D1 /* anthropic_claude_claude_models_overview_opus_sonnet_haiku_positioning.m4a */ = {isa = PBXFileReference; path = anthropic_claude_claude_models_overview_opus_sonnet_haiku_positioning.m4a; sourceTree = "<group>"; };
		1AACB05CD66A208D31406C74 /* ai_models_claude_sonnet_4_6_sonnet_4_6_cost_quality.m4a */ = {isa = PBXFileReference; path = ai_models_claude_sonnet_4_6_sonnet_4_6_cost_quality.m4a; sourceTree = "<group>"; };
		2943ACDF5F5F4948C93818F6 /* ai_models_claude_sonnet_4_6_sonnet_4_6_vision.m4a */ = {isa = PBXFileReference; path = ai_models_claude_sonnet_4_6_sonnet_4_6_vision.m4a; sourceTree = "<group>"; };
		2B5F1A8A8934BDBB09EDAFEF /* AISchool.entitlements */ = {isa = PBXFileReference; lastKnownFileType = text.plist.entitlements; path = AISchool.entitlements; sourceTree = "<group>"; };
		2C4ED4ECD5C560EEE96F59AA /* Info.plist */ = {isa = PBXFileReference; lastKnownFileType = text.plist; path = Info.plist; sourceTree = "<group>"; };
		2CB972E77A262F45092F5DD6 /* ai_tools_continue_dev_continue_config.m4a */ = {isa = PBXFileReference; path = ai_tools_continue_dev_continue_config.m4a; sourceTree = "<group>"; };
		3236EB4F5397317DFE07620F /* WebView.swift */ = {isa = PBXFileReference; lastKnownFileType = sourcecode.swift; path = WebView.swift; sourceTree = "<group>"; };
		343EF40B6347A5ACAF62CBFC /* ai_models_gpt_5_gpt_5_capabilities.m4a */ = {isa = PBXFileReference; path = ai_models_gpt_5_gpt_5_capabilities.m4a; sourceTree = "<group>"; };
		34D28735643C63BD29AFC2EF /* anthropic_claude_claude_models_overview_context_windows_across_the_family.m4a */ = {isa = PBXFileReference; path = anthropic_claude_claude_models_overview_context_windows_across_the_family.m4a; sourceTree = "<group>"; };
		3548D9052C4016BA952BCD20 /* ai_tools_claude_code_claude_code_subagents.m4a */ = {isa = PBXFileReference; path = ai_tools_claude_code_claude_code_subagents.m4a; sourceTree = "<group>"; };
		364F279B5BC30F52BC07E4D6 /* ai_tools_claude_code_claude_code_overview.m4a */ = {isa = PBXFileReference; path = ai_tools_claude_code_claude_code_overview.m4a; sourceTree = "<group>"; };
		36F74C6510EC60E91053FDC8 /* ai_tools_github_copilot_tool_copilot_agent_mode.m4a */ = {isa = PBXFileReference; path = ai_tools_github_copilot_tool_copilot_agent_mode.m4a; sourceTree = "<group>"; };
		381937492876CA78BB330606 /* anthropic_claude_opus_deep_dive_cost_latency_profile.m4a */ = {isa = PBXFileReference; path = anthropic_claude_opus_deep_dive_cost_latency_profile.m4a; sourceTree = "<group>"; };
		38C27F2B6ED65C296FB08DF3 /* ai_models_claude_opus_4_7_opus_4_7_coding.m4a */ = {isa = PBXFileReference; path = ai_models_claude_opus_4_7_opus_4_7_coding.m4a; sourceTree = "<group>"; };
		3F41380F16CE598ADB9D4E31 /* ai_models_gpt_4o_gpt_4o_production.m4a */ = {isa = PBXFileReference; path = ai_models_gpt_4o_gpt_4o_production.m4a; sourceTree = "<group>"; };
		45545C253C15F2C71B4CE76D /* ai_tools_aider_aider_voice.m4a */ = {isa = PBXFileReference; path = ai_tools_aider_aider_voice.m4a; sourceTree = "<group>"; };
		45DEDC6699F7F824D2FF3154 /* anthropic_claude_sonnet_deep_dive_migrating_from_earlier_sonnet.m4a */ = {isa = PBXFileReference; path = anthropic_claude_sonnet_deep_dive_migrating_from_earlier_sonnet.m4a; sourceTree = "<group>"; };
		463E0955DB79F6769175DEED /* anthropic_claude_sonnet_deep_dive_production_workhorse_positioning.m4a */ = {isa = PBXFileReference; path = anthropic_claude_sonnet_deep_dive_production_workhorse_positioning.m4a; sourceTree = "<group>"; };
		4AE70DECEC1ACE1ABD4C3CD0 /* Inter-Bold.ttf */ = {isa = PBXFileReference; lastKnownFileType = file; path = "Inter-Bold.ttf"; sourceTree = "<group>"; };
		4BD92A046132373E41B17C2C /* ai_models_gpt_5_gpt_5_tool_use.m4a */ = {isa = PBXFileReference; path = ai_models_gpt_5_gpt_5_tool_use.m4a; sourceTree = "<group>"; };
		4CB965BA6F7D6728CC3722E4 /* anthropic_claude_model_selection_benchmark_mapping.m4a */ = {isa = PBXFileReference; path = anthropic_claude_model_selection_benchmark_mapping.m4a; sourceTree = "<group>"; };
		50EE41769456B3CC7C7CBC43 /* ai_tools_cursor_editor_cursor_team.m4a */ = {isa = PBXFileReference; path = ai_tools_cursor_editor_cursor_team.m4a; sourceTree = "<group>"; };
		580900A2ABEF106E743CF642 /* CourseDetailView.swift */ = {isa = PBXFileReference; lastKnownFileType = sourcecode.swift; path = CourseDetailView.swift; sourceTree = "<group>"; };
		5D88E8D36893741AB0B46ABC /* anthropic_claude_sonnet_deep_dive_sonnet_workload_patterns.m4a */ = {isa = PBXFileReference; path = anthropic_claude_sonnet_deep_dive_sonnet_workload_patterns.m4a; sourceTree = "<group>"; };
		6199D8AD8CADC8AF072A6180 /* ai_tools_aider_aider_models.m4a */ = {isa = PBXFileReference; path = ai_tools_aider_aider_models.m4a; sourceTree = "<group>"; };
		65EB5A22E52C7EC1B2068F94 /* anthropic_claude_model_selection_eval_discipline.m4a */ = {isa = PBXFileReference; path = anthropic_claude_model_selection_eval_discipline.m4a; sourceTree = "<group>"; };
		665711085AC4DAD676EEB693 /* Theme.swift */ = {isa = PBXFileReference; lastKnownFileType = sourcecode.swift; path = Theme.swift; sourceTree = "<group>"; };
		66EA8106C314D7B4F42A89AA /* ai_models_claude_sonnet_4_6_sonnet_4_6_vs_others.m4a */ = {isa = PBXFileReference; path = ai_models_claude_sonnet_4_6_sonnet_4_6_vs_others.m4a; sourceTree = "<group>"; };
		6AC727628CBFAD20395D1D08 /* PrivacyInfo.xcprivacy */ = {isa = PBXFileReference; path = PrivacyInfo.xcprivacy; sourceTree = "<group>"; };
		6F088EC8D0E93B2941272F28 /* ai_tools_continue_dev_continue_custom_commands.m4a */ = {isa = PBXFileReference; path = ai_tools_continue_dev_continue_custom_commands.m4a; sourceTree = "<group>"; };
		743930524942AB49C6CD433A /* ai_models_claude_opus_4_7_opus_4_7_1m_context.m4a */ = {isa = PBXFileReference; path = ai_models_claude_opus_4_7_opus_4_7_1m_context.m4a; sourceTree = "<group>"; };
		79C3FD76EBFF412A73AA0C44 /* ai_models_gpt_5_gpt_5_production.m4a */ = {isa = PBXFileReference; path = ai_models_gpt_5_gpt_5_production.m4a; sourceTree = "<group>"; };
		7A3A26590BE398E8B304B9C5 /* anthropic_claude_haiku_deep_dive_haiku_first_design_pattern.m4a */ = {isa = PBXFileReference; path = anthropic_claude_haiku_deep_dive_haiku_first_design_pattern.m4a; sourceTree = "<group>"; };
		7F298F76FC9C15523D153E08 /* ai_tools_continue_dev_continue_overview.m4a */ = {isa = PBXFileReference; path = ai_tools_continue_dev_continue_overview.m4a; sourceTree = "<group>"; };
		7FF3E3D221331917B7BBFEDF /* ai_tools_github_copilot_tool_copilot_enterprise.m4a */ = {isa = PBXFileReference; path = ai_tools_github_copilot_tool_copilot_enterprise.m4a; sourceTree = "<group>"; };
		8154B9FC1C220616A5A82EB1 /* anthropic_claude_haiku_deep_dive_haiku_workload_patterns.m4a */ = {isa = PBXFileReference; path = anthropic_claude_haiku_deep_dive_haiku_workload_patterns.m4a; sourceTree = "<group>"; };
		8398682DB4A14D20D7F0DCEB /* ai_tools_claude_code_claude_code_hooks.m4a */ = {isa = PBXFileReference; path = ai_tools_claude_code_claude_code_hooks.m4a; sourceTree = "<group>"; };
		860760BA2B21DA042085C246 /* anthropic_claude_opus_deep_dive_opus_vs_sonnet_decision.m4a */ = {isa = PBXFileReference; path = anthropic_claude_opus_deep_dive_opus_vs_sonnet_decision.m4a; sourceTree = "<group>"; };
		86F7DB870ACC0D48F2BA68DF /* ai_models_gpt_4o_gpt_4o_overview.m4a */ = {isa = PBXFileReference; path = ai_models_gpt_4o_gpt_4o_overview.m4a; sourceTree = "<group>"; };
		8A48CC512DB78E85494492C1 /* Inter-Regular.ttf */ = {isa = PBXFileReference; lastKnownFileType = file; path = "Inter-Regular.ttf"; sourceTree = "<group>"; };
		8A94F89CB8EBC0281FCBBBD1 /* AISchool.app */ = {isa = PBXFileReference; includeInIndex = 0; lastKnownFileType = wrapper.application; path = AISchool.app; sourceTree = BUILT_PRODUCTS_DIR; };
		8DBE3D8E6104B0764ADFD102 /* ai_tools_cursor_editor_cursor_tab.m4a */ = {isa = PBXFileReference; path = ai_tools_cursor_editor_cursor_tab.m4a; sourceTree = "<group>"; };
		8DD293B64A5DDBA01010ADEA /* ai_models_gpt_5_gpt_5_pricing.m4a */ = {isa = PBXFileReference; path = ai_models_gpt_5_gpt_5_pricing.m4a; sourceTree = "<group>"; };
		8FDC763EB09F008B1058AB20 /* Inter-ExtraBold.ttf */ = {isa = PBXFileReference; lastKnownFileType = file; path = "Inter-ExtraBold.ttf"; sourceTree = "<group>"; };
		915656A1FFA2E07AA6E4B96F /* SeedSyllabus.swift */ = {isa = PBXFileReference; lastKnownFileType = sourcecode.swift; path = SeedSyllabus.swift; sourceTree = "<group>"; };
		9302B5B8A37DE0DBBDE4C361 /* ai_tools_github_copilot_tool_copilot_inline_chat.m4a */ = {isa = PBXFileReference; path = ai_tools_github_copilot_tool_copilot_inline_chat.m4a; sourceTree = "<group>"; };
		94728D0E9102BE04DE07C10D /* ai_tools_cursor_editor_cursor_overview.m4a */ = {isa = PBXFileReference; path = ai_tools_cursor_editor_cursor_overview.m4a; sourceTree = "<group>"; };
		94E4D8EF537E7C23D0EE0670 /* ai_models_claude_opus_4_7_opus_4_7_overview.m4a */ = {isa = PBXFileReference; path = ai_models_claude_opus_4_7_opus_4_7_overview.m4a; sourceTree = "<group>"; };
		9577FAC88094FE7F5B98B93C /* SyllabusStore.swift */ = {isa = PBXFileReference; lastKnownFileType = sourcecode.swift; path = SyllabusStore.swift; sourceTree = "<group>"; };
		995F4A3A5A3E0D7FCA6CB4C7 /* ai_tools_cursor_editor_cursor_mcp.m4a */ = {isa = PBXFileReference; path = ai_tools_cursor_editor_cursor_mcp.m4a; sourceTree = "<group>"; };
		9BD205F09F6E6105A33A2ED7 /* Models.swift */ = {isa = PBXFileReference; lastKnownFileType = sourcecode.swift; path = Models.swift; sourceTree = "<group>"; };
		9C9B4E11BB0E47588610D842 /* anthropic_claude_claude_models_overview_claude_family_overview.m4a */ = {isa = PBXFileReference; path = anthropic_claude_claude_models_overview_claude_family_overview.m4a; sourceTree = "<group>"; };
		9DDC261E9B5453DBFB016ED1 /* ai_models_claude_sonnet_4_6_sonnet_4_6_tool_use.m4a */ = {isa = PBXFileReference; path = ai_models_claude_sonnet_4_6_sonnet_4_6_tool_use.m4a; sourceTree = "<group>"; };
		9FD84CF41DCF1520C9264C02 /* Inter-Medium.ttf */ = {isa = PBXFileReference; lastKnownFileType = file; path = "Inter-Medium.ttf"; sourceTree = "<group>"; };
		A02A134AB776338B675AEE55 /* AudioPlayer.swift */ = {isa = PBXFileReference; lastKnownFileType = sourcecode.swift; path = AudioPlayer.swift; sourceTree = "<group>"; };
		A214EC91806DDBDA3E8EADB3 /* ai_tools_aider_aider_overview.m4a */ = {isa = PBXFileReference; path = ai_tools_aider_aider_overview.m4a; sourceTree = "<group>"; };
		A678FE0F18F11B55B5B7B89F /* anthropic_claude_opus_deep_dive_frontier_reasoning.m4a */ = {isa = PBXFileReference; path = anthropic_claude_opus_deep_dive_frontier_reasoning.m4a; sourceTree = "<group>"; };
		AC2093111E569E55269D99ED /* Endpoints.swift */ = {isa = PBXFileReference; lastKnownFileType = sourcecode.swift; path = Endpoints.swift; sourceTree = "<group>"; };
		AC8250B3AF7D1D0C5D6D807D /* anthropic_claude_sonnet_deep_dive_opus_sonnet_cascade.m4a */ = {isa = PBXFileReference; path = anthropic_claude_sonnet_deep_dive_opus_sonnet_cascade.m4a; sourceTree = "<group>"; };
		ACC914DC991EB1C1C5883A83 /* ai_tools_continue_dev_continue_self_hosted.m4a */ = {isa = PBXFileReference; path = ai_tools_continue_dev_continue_self_hosted.m4a; sourceTree = "<group>"; };
		BA0C316774CB8A7822405467 /* LessonView.swift */ = {isa = PBXFileReference; lastKnownFileType = sourcecode.swift; path = LessonView.swift; sourceTree = "<group>"; };
		BE4E258FD0E3E9B58928E489 /* ai_tools_claude_code_claude_code_mcp.m4a */ = {isa = PBXFileReference; path = ai_tools_claude_code_claude_code_mcp.m4a; sourceTree = "<group>"; };
		BF1F8ED864E9EF6BD2F8ED29 /* AISchoolApp.swift */ = {isa = PBXFileReference; lastKnownFileType = sourcecode.swift; path = AISchoolApp.swift; sourceTree = "<group>"; };
		BF562CBAB1DAF54A7BCB8B75 /* anthropic_claude_haiku_deep_dive_fast_cheap_positioning.m4a */ = {isa = PBXFileReference; path = anthropic_claude_haiku_deep_dive_fast_cheap_positioning.m4a; sourceTree = "<group>"; };
		BFE6872920A08647573FB144 /* anthropic_claude_model_selection_decision_framework.m4a */ = {isa = PBXFileReference; path = anthropic_claude_model_selection_decision_framework.m4a; sourceTree = "<group>"; };
		C33D0A3683D146630A9763A5 /* anthropic_claude_model_selection_cascade_pattern.m4a */ = {isa = PBXFileReference; path = anthropic_claude_model_selection_cascade_pattern.m4a; sourceTree = "<group>"; };
		C400AEC7EBB531F57E012C17 /* ai_tools_continue_dev_continue_context_providers.m4a */ = {isa = PBXFileReference; path = ai_tools_continue_dev_continue_context_providers.m4a; sourceTree = "<group>"; };
		C41495BBC32632655ADECD39 /* anthropic_claude_opus_deep_dive_opus_47_overview.m4a */ = {isa = PBXFileReference; path = anthropic_claude_opus_deep_dive_opus_47_overview.m4a; sourceTree = "<group>"; };
		C6673A327BF009FD10A2B8B8 /* ai_tools_aider_aider_repo_map.m4a */ = {isa = PBXFileReference; path = ai_tools_aider_aider_repo_map.m4a; sourceTree = "<group>"; };
		C7E8728DA32C5373524DD4DC /* ai_models_gpt_5_gpt_5_context_multimodal.m4a */ = {isa = PBXFileReference; path = ai_models_gpt_5_gpt_5_context_multimodal.m4a; sourceTree = "<group>"; };
		C9FB74DC523824891AAFCC5C /* anthropic_claude_model_selection_model_selection_overview.m4a */ = {isa = PBXFileReference; path = anthropic_claude_model_selection_model_selection_overview.m4a; sourceTree = "<group>"; };
		CBC45B191A9F5A597E1DCA57 /* anthropic_claude_sonnet_deep_dive_sonnet_46_overview.m4a */ = {isa = PBXFileReference; path = anthropic_claude_sonnet_deep_dive_sonnet_46_overview.m4a; sourceTree = "<group>"; };
		CC134880D9D6A98DC935D8ED /* ai_models_claude_opus_4_7_opus_4_7_production.m4a */ = {isa = PBXFileReference; path = ai_models_claude_opus_4_7_opus_4_7_production.m4a; sourceTree = "<group>"; };
		CD6B5D15251CD15F4A6A6B48 /* anthropic_claude_haiku_deep_dive_latency_targets.m4a */ = {isa = PBXFileReference; path = anthropic_claude_haiku_deep_dive_latency_targets.m4a; sourceTree = "<group>"; };
		CD78120E400A91E38C926FCA /* ai_tools_claude_code_claude_code_team_workflows.m4a */ = {isa = PBXFileReference; path = ai_tools_claude_code_claude_code_team_workflows.m4a; sourceTree = "<group>"; };
		D2303C80A3F9B48ABF6A00B8 /* anthropic_claude_model_selection_selection_template.m4a */ = {isa = PBXFileReference; path = anthropic_claude_model_selection_selection_template.m4a; sourceTree = "<group>"; };
		D25AF297AE521DDB82B0444E /* ai_tools_github_copilot_tool_copilot_workspace.m4a */ = {isa = PBXFileReference; path = ai_tools_github_copilot_tool_copilot_workspace.m4a; sourceTree = "<group>"; };
		D5F42D09CEFA950875CD7B44 /* ai_tools_aider_aider_architect_edit.m4a */ = {isa = PBXFileReference; path = ai_tools_aider_aider_architect_edit.m4a; sourceTree = "<group>"; };
		D8AB90D026B154B2631B344C /* anthropic_claude_claude_models_overview_picking_a_family_tier.m4a */ = {isa = PBXFileReference; path = anthropic_claude_claude_models_overview_picking_a_family_tier.m4a; sourceTree = "<group>"; };
		DA617860F79F17A0013B4A0F /* ai_models_claude_haiku_4_5_haiku_4_5_routing.m4a */ = {isa = PBXFileReference; path = ai_models_claude_haiku_4_5_haiku_4_5_routing.m4a; sourceTree = "<group>"; };
		DB41B3796CD7C4F7D61F014E /* ai_tools_github_copilot_tool_copilot_overview.m4a */ = {isa = PBXFileReference; path = ai_tools_github_copilot_tool_copilot_overview.m4a; sourceTree = "<group>"; };
		DB5DAD04B6E4B2903E82627D /* ai_tools_continue_dev_continue_vs_cursor.m4a */ = {isa = PBXFileReference; path = ai_tools_continue_dev_continue_vs_cursor.m4a; sourceTree = "<group>"; };
		DEE5C49DEF1CCD21724F65EB /* ai_models_gpt_4o_gpt_4o_structured_outputs.m4a */ = {isa = PBXFileReference; path = ai_models_gpt_4o_gpt_4o_structured_outputs.m4a; sourceTree = "<group>"; };
		DFC05A08D38F9F73A9BAF687 /* ai_models_gpt_4o_gpt_4o_vision.m4a */ = {isa = PBXFileReference; path = ai_models_gpt_4o_gpt_4o_vision.m4a; sourceTree = "<group>"; };
		E13AD87AEA7C6E2B0F5DD22C /* ai_models_claude_opus_4_7_opus_4_7_vs_sonnet.m4a */ = {isa = PBXFileReference; path = ai_models_claude_opus_4_7_opus_4_7_vs_sonnet.m4a; sourceTree = "<group>"; };
		E7B23EE9AE8B0AE58F8F60C2 /* anthropic_claude_sonnet_deep_dive_price_quality_latency_trade_off.m4a */ = {isa = PBXFileReference; path = anthropic_claude_sonnet_deep_dive_price_quality_latency_trade_off.m4a; sourceTree = "<group>"; };
		E981D7B7FB79DFAF8EB6C31F /* ai_models_gpt_4o_gpt_4o_audio.m4a */ = {isa = PBXFileReference; path = ai_models_gpt_4o_gpt_4o_audio.m4a; sourceTree = "<group>"; };
		EE4B5BD7AB15769EF7179C53 /* anthropic_claude_opus_deep_dive_1m_context_capability.m4a */ = {isa = PBXFileReference; path = anthropic_claude_opus_deep_dive_1m_context_capability.m4a; sourceTree = "<group>"; };
		EFC916297B66AD9095F12F0E /* ai_models_claude_opus_4_7_opus_4_7_agents.m4a */ = {isa = PBXFileReference; path = ai_models_claude_opus_4_7_opus_4_7_agents.m4a; sourceTree = "<group>"; };
		EFE184DAAEC4D11EBD23F236 /* ai_models_gpt_5_gpt_5_overview.m4a */ = {isa = PBXFileReference; path = ai_models_gpt_5_gpt_5_overview.m4a; sourceTree = "<group>"; };
		F334D05FF1DE6BA081949EEC /* anthropic_claude_claude_models_overview_family_vs_external_models.m4a */ = {isa = PBXFileReference; path = anthropic_claude_claude_models_overview_family_vs_external_models.m4a; sourceTree = "<group>"; };
		F38190A31B06B09FDDE7AAFC /* ai_models_claude_haiku_4_5_haiku_4_5_vs_mini.m4a */ = {isa = PBXFileReference; path = ai_models_claude_haiku_4_5_haiku_4_5_vs_mini.m4a; sourceTree = "<group>"; };
		F53861EFE29112694C05914D /* CourseListView.swift */ = {isa = PBXFileReference; lastKnownFileType = sourcecode.swift; path = CourseListView.swift; sourceTree = "<group>"; };
		F5538E723ED637589CAE1390 /* ai_models_claude_haiku_4_5_haiku_4_5_production.m4a */ = {isa = PBXFileReference; path = ai_models_claude_haiku_4_5_haiku_4_5_production.m4a; sourceTree = "<group>"; };
		F622417153306B803A9BC6AF /* ai_models_gpt_4o_gpt_4o_mini.m4a */ = {isa = PBXFileReference; path = ai_models_gpt_4o_gpt_4o_mini.m4a; sourceTree = "<group>"; };
		F732853162BBBB3C85D72043 /* ai_tools_cursor_editor_cursor_composer_agent.m4a */ = {isa = PBXFileReference; path = ai_tools_cursor_editor_cursor_composer_agent.m4a; sourceTree = "<group>"; };
		F753D37CB9782C25D17D2B73 /* syllabus.json */ = {isa = PBXFileReference; lastKnownFileType = text.json; path = syllabus.json; sourceTree = "<group>"; };
		FB96B326B126B0673B073541 /* ai_models_claude_sonnet_4_6_sonnet_4_6_production.m4a */ = {isa = PBXFileReference; path = ai_models_claude_sonnet_4_6_sonnet_4_6_production.m4a; sourceTree = "<group>"; };
		FCD95DF402A4C25B565F6782 /* anthropic_claude_haiku_deep_dive_haiku_45_overview.m4a */ = {isa = PBXFileReference; path = anthropic_claude_haiku_deep_dive_haiku_45_overview.m4a; sourceTree = "<group>"; };
/* End PBXFileReference section */

/* Begin PBXGroup section */
		1346F5DB228492F118244B0C /* App */ = {
			isa = PBXGroup;
			children = (
				BF1F8ED864E9EF6BD2F8ED29 /* AISchoolApp.swift */,
			);
			path = App;
			sourceTree = "<group>";
		};
		1D6094AF12C7367F9262FD7D /* Theme */ = {
			isa = PBXGroup;
			children = (
				665711085AC4DAD676EEB693 /* Theme.swift */,
			);
			path = Theme;
			sourceTree = "<group>";
		};
		2EB29CC4375431F880F8355E /* Resources */ = {
			isa = PBXGroup;
			children = (
				2B5F1A8A8934BDBB09EDAFEF /* AISchool.entitlements */,
				08C8B8188F00693AB88BB471 /* Assets.xcassets */,
				2C4ED4ECD5C560EEE96F59AA /* Info.plist */,
				6AC727628CBFAD20395D1D08 /* PrivacyInfo.xcprivacy */,
				F753D37CB9782C25D17D2B73 /* syllabus.json */,
				FF2A857A38EAD873387ABABB /* Audio */,
				A1650BD7C1D8CFBD3BC95248 /* Fonts */,
			);
			path = Resources;
			sourceTree = "<group>";
		};
		302E722817612FDAEA42D544 /* Model */ = {
			isa = PBXGroup;
			children = (
				AC2093111E569E55269D99ED /* Endpoints.swift */,
				9BD205F09F6E6105A33A2ED7 /* Models.swift */,
				915656A1FFA2E07AA6E4B96F /* SeedSyllabus.swift */,
			);
			path = Model;
			sourceTree = "<group>";
		};
		40D5461C368EE8D0DF57CC31 /* Views */ = {
			isa = PBXGroup;
			children = (
				580900A2ABEF106E743CF642 /* CourseDetailView.swift */,
				F53861EFE29112694C05914D /* CourseListView.swift */,
				BA0C316774CB8A7822405467 /* LessonView.swift */,
				3236EB4F5397317DFE07620F /* WebView.swift */,
			);
			path = Views;
			sourceTree = "<group>";
		};
		A1650BD7C1D8CFBD3BC95248 /* Fonts */ = {
			isa = PBXGroup;
			children = (
				4AE70DECEC1ACE1ABD4C3CD0 /* Inter-Bold.ttf */,
				8FDC763EB09F008B1058AB20 /* Inter-ExtraBold.ttf */,
				9FD84CF41DCF1520C9264C02 /* Inter-Medium.ttf */,
				8A48CC512DB78E85494492C1 /* Inter-Regular.ttf */,
				0FB009C9C24C062BDA43A8B3 /* Inter-SemiBold.ttf */,
			);
			path = Fonts;
			sourceTree = "<group>";
		};
		C49A6C906D3E2F0CF0A8BDBB /* AISchool */ = {
			isa = PBXGroup;
			children = (
				1346F5DB228492F118244B0C /* App */,
				D57078B55B0A76A9AC79868B /* CarPlay */,
				EB5B85F706EFE728C507C16B /* Data */,
				302E722817612FDAEA42D544 /* Model */,
				2EB29CC4375431F880F8355E /* Resources */,
				1D6094AF12C7367F9262FD7D /* Theme */,
				40D5461C368EE8D0DF57CC31 /* Views */,
			);
			path = AISchool;
			sourceTree = "<group>";
		};
		D57078B55B0A76A9AC79868B /* CarPlay */ = {
			isa = PBXGroup;
			children = (
				07656F58D84B0DB205833394 /* CarPlayPlaybackController.swift */,
				1745726FCC2B6050CF075F3E /* CarPlaySceneDelegate.swift */,
			);
			path = CarPlay;
			sourceTree = "<group>";
		};
		DCFAF30CD86FCFFF3BCBF196 /* Products */ = {
			isa = PBXGroup;
			children = (
				8A94F89CB8EBC0281FCBBBD1 /* AISchool.app */,
			);
			name = Products;
			sourceTree = "<group>";
		};
		EB5B85F706EFE728C507C16B /* Data */ = {
			isa = PBXGroup;
			children = (
				A02A134AB776338B675AEE55 /* AudioPlayer.swift */,
				9577FAC88094FE7F5B98B93C /* SyllabusStore.swift */,
			);
			path = Data;
			sourceTree = "<group>";
		};
		F4C5202950DE48AE6A4F9F69 = {
			isa = PBXGroup;
			children = (
				C49A6C906D3E2F0CF0A8BDBB /* AISchool */,
				DCFAF30CD86FCFFF3BCBF196 /* Products */,
			);
			sourceTree = "<group>";
		};
		FF2A857A38EAD873387ABABB /* Audio */ = {
			isa = PBXGroup;
			children = (
				057F52356B33A099EAAECE85 /* ai_models_claude_haiku_4_5_haiku_4_5_batch.m4a */,
				069A931B7ED1560F03DDF43F /* ai_models_claude_haiku_4_5_haiku_4_5_latency.m4a */,
				0D41B586BC6378D94337CB32 /* ai_models_claude_haiku_4_5_haiku_4_5_overview.m4a */,
				F5538E723ED637589CAE1390 /* ai_models_claude_haiku_4_5_haiku_4_5_production.m4a */,
				DA617860F79F17A0013B4A0F /* ai_models_claude_haiku_4_5_haiku_4_5_routing.m4a */,
				F38190A31B06B09FDDE7AAFC /* ai_models_claude_haiku_4_5_haiku_4_5_vs_mini.m4a */,
				743930524942AB49C6CD433A /* ai_models_claude_opus_4_7_opus_4_7_1m_context.m4a */,
				EFC916297B66AD9095F12F0E /* ai_models_claude_opus_4_7_opus_4_7_agents.m4a */,
				38C27F2B6ED65C296FB08DF3 /* ai_models_claude_opus_4_7_opus_4_7_coding.m4a */,
				94E4D8EF537E7C23D0EE0670 /* ai_models_claude_opus_4_7_opus_4_7_overview.m4a */,
				CC134880D9D6A98DC935D8ED /* ai_models_claude_opus_4_7_opus_4_7_production.m4a */,
				E13AD87AEA7C6E2B0F5DD22C /* ai_models_claude_opus_4_7_opus_4_7_vs_sonnet.m4a */,
				1AACB05CD66A208D31406C74 /* ai_models_claude_sonnet_4_6_sonnet_4_6_cost_quality.m4a */,
				099242305EE10AE1CEF37578 /* ai_models_claude_sonnet_4_6_sonnet_4_6_overview.m4a */,
				FB96B326B126B0673B073541 /* ai_models_claude_sonnet_4_6_sonnet_4_6_production.m4a */,
				9DDC261E9B5453DBFB016ED1 /* ai_models_claude_sonnet_4_6_sonnet_4_6_tool_use.m4a */,
				2943ACDF5F5F4948C93818F6 /* ai_models_claude_sonnet_4_6_sonnet_4_6_vision.m4a */,
				66EA8106C314D7B4F42A89AA /* ai_models_claude_sonnet_4_6_sonnet_4_6_vs_others.m4a */,
				E981D7B7FB79DFAF8EB6C31F /* ai_models_gpt_4o_gpt_4o_audio.m4a */,
				F622417153306B803A9BC6AF /* ai_models_gpt_4o_gpt_4o_mini.m4a */,
				86F7DB870ACC0D48F2BA68DF /* ai_models_gpt_4o_gpt_4o_overview.m4a */,
				3F41380F16CE598ADB9D4E31 /* ai_models_gpt_4o_gpt_4o_production.m4a */,
				DEE5C49DEF1CCD21724F65EB /* ai_models_gpt_4o_gpt_4o_structured_outputs.m4a */,
				DFC05A08D38F9F73A9BAF687 /* ai_models_gpt_4o_gpt_4o_vision.m4a */,
				343EF40B6347A5ACAF62CBFC /* ai_models_gpt_5_gpt_5_capabilities.m4a */,
				C7E8728DA32C5373524DD4DC /* ai_models_gpt_5_gpt_5_context_multimodal.m4a */,
				EFE184DAAEC4D11EBD23F236 /* ai_models_gpt_5_gpt_5_overview.m4a */,
				8DD293B64A5DDBA01010ADEA /* ai_models_gpt_5_gpt_5_pricing.m4a */,
				79C3FD76EBFF412A73AA0C44 /* ai_models_gpt_5_gpt_5_production.m4a */,
				4BD92A046132373E41B17C2C /* ai_models_gpt_5_gpt_5_tool_use.m4a */,
				D5F42D09CEFA950875CD7B44 /* ai_tools_aider_aider_architect_edit.m4a */,
				0CB08268AD42F0E736FAD837 /* ai_tools_aider_aider_git.m4a */,
				6199D8AD8CADC8AF072A6180 /* ai_tools_aider_aider_models.m4a */,
				A214EC91806DDBDA3E8EADB3 /* ai_tools_aider_aider_overview.m4a */,
				C6673A327BF009FD10A2B8B8 /* ai_tools_aider_aider_repo_map.m4a */,
				45545C253C15F2C71B4CE76D /* ai_tools_aider_aider_voice.m4a */,
				8398682DB4A14D20D7F0DCEB /* ai_tools_claude_code_claude_code_hooks.m4a */,
				BE4E258FD0E3E9B58928E489 /* ai_tools_claude_code_claude_code_mcp.m4a */,
				364F279B5BC30F52BC07E4D6 /* ai_tools_claude_code_claude_code_overview.m4a */,
				009A1124321056E613F9C508 /* ai_tools_claude_code_claude_code_slash_commands.m4a */,
				3548D9052C4016BA952BCD20 /* ai_tools_claude_code_claude_code_subagents.m4a */,
				CD78120E400A91E38C926FCA /* ai_tools_claude_code_claude_code_team_workflows.m4a */,
				2CB972E77A262F45092F5DD6 /* ai_tools_continue_dev_continue_config.m4a */,
				C400AEC7EBB531F57E012C17 /* ai_tools_continue_dev_continue_context_providers.m4a */,
				6F088EC8D0E93B2941272F28 /* ai_tools_continue_dev_continue_custom_commands.m4a */,
				7F298F76FC9C15523D153E08 /* ai_tools_continue_dev_continue_overview.m4a */,
				ACC914DC991EB1C1C5883A83 /* ai_tools_continue_dev_continue_self_hosted.m4a */,
				DB5DAD04B6E4B2903E82627D /* ai_tools_continue_dev_continue_vs_cursor.m4a */,
				F732853162BBBB3C85D72043 /* ai_tools_cursor_editor_cursor_composer_agent.m4a */,
				995F4A3A5A3E0D7FCA6CB4C7 /* ai_tools_cursor_editor_cursor_mcp.m4a */,
				94728D0E9102BE04DE07C10D /* ai_tools_cursor_editor_cursor_overview.m4a */,
				03DA93F0362A8ABC5C13EAB8 /* ai_tools_cursor_editor_cursor_rules.m4a */,
				8DBE3D8E6104B0764ADFD102 /* ai_tools_cursor_editor_cursor_tab.m4a */,
				50EE41769456B3CC7C7CBC43 /* ai_tools_cursor_editor_cursor_team.m4a */,
				36F74C6510EC60E91053FDC8 /* ai_tools_github_copilot_tool_copilot_agent_mode.m4a */,
				7FF3E3D221331917B7BBFEDF /* ai_tools_github_copilot_tool_copilot_enterprise.m4a */,
				9302B5B8A37DE0DBBDE4C361 /* ai_tools_github_copilot_tool_copilot_inline_chat.m4a */,
				0FB7F6F2B3DCB4E252429ACF /* ai_tools_github_copilot_tool_copilot_instructions.m4a */,
				DB41B3796CD7C4F7D61F014E /* ai_tools_github_copilot_tool_copilot_overview.m4a */,
				D25AF297AE521DDB82B0444E /* ai_tools_github_copilot_tool_copilot_workspace.m4a */,
				9C9B4E11BB0E47588610D842 /* anthropic_claude_claude_models_overview_claude_family_overview.m4a */,
				34D28735643C63BD29AFC2EF /* anthropic_claude_claude_models_overview_context_windows_across_the_family.m4a */,
				080C69B7E770DE26472A9375 /* anthropic_claude_claude_models_overview_family_pricing_shape.m4a */,
				F334D05FF1DE6BA081949EEC /* anthropic_claude_claude_models_overview_family_vs_external_models.m4a */,
				1AA1551234439122C73AF6D1 /* anthropic_claude_claude_models_overview_opus_sonnet_haiku_positioning.m4a */,
				D8AB90D026B154B2631B344C /* anthropic_claude_claude_models_overview_picking_a_family_tier.m4a */,
				012B9C620BFDC74A474F8C35 /* anthropic_claude_haiku_deep_dive_cost_optimisation.m4a */,
				BF562CBAB1DAF54A7BCB8B75 /* anthropic_claude_haiku_deep_dive_fast_cheap_positioning.m4a */,
				FCD95DF402A4C25B565F6782 /* anthropic_claude_haiku_deep_dive_haiku_45_overview.m4a */,
				7A3A26590BE398E8B304B9C5 /* anthropic_claude_haiku_deep_dive_haiku_first_design_pattern.m4a */,
				8154B9FC1C220616A5A82EB1 /* anthropic_claude_haiku_deep_dive_haiku_workload_patterns.m4a */,
				CD6B5D15251CD15F4A6A6B48 /* anthropic_claude_haiku_deep_dive_latency_targets.m4a */,
				4CB965BA6F7D6728CC3722E4 /* anthropic_claude_model_selection_benchmark_mapping.m4a */,
				C33D0A3683D146630A9763A5 /* anthropic_claude_model_selection_cascade_pattern.m4a */,
				BFE6872920A08647573FB144 /* anthropic_claude_model_selection_decision_framework.m4a */,
				65EB5A22E52C7EC1B2068F94 /* anthropic_claude_model_selection_eval_discipline.m4a */,
				C9FB74DC523824891AAFCC5C /* anthropic_claude_model_selection_model_selection_overview.m4a */,
				D2303C80A3F9B48ABF6A00B8 /* anthropic_claude_model_selection_selection_template.m4a */,
				EE4B5BD7AB15769EF7179C53 /* anthropic_claude_opus_deep_dive_1m_context_capability.m4a */,
				381937492876CA78BB330606 /* anthropic_claude_opus_deep_dive_cost_latency_profile.m4a */,
				A678FE0F18F11B55B5B7B89F /* anthropic_claude_opus_deep_dive_frontier_reasoning.m4a */,
				C41495BBC32632655ADECD39 /* anthropic_claude_opus_deep_dive_opus_47_overview.m4a */,
				860760BA2B21DA042085C246 /* anthropic_claude_opus_deep_dive_opus_vs_sonnet_decision.m4a */,
				0DAE652FB276B4CA17642992 /* anthropic_claude_opus_deep_dive_opus_workload_patterns.m4a */,
				45DEDC6699F7F824D2FF3154 /* anthropic_claude_sonnet_deep_dive_migrating_from_earlier_sonnet.m4a */,
				AC8250B3AF7D1D0C5D6D807D /* anthropic_claude_sonnet_deep_dive_opus_sonnet_cascade.m4a */,
				E7B23EE9AE8B0AE58F8F60C2 /* anthropic_claude_sonnet_deep_dive_price_quality_latency_trade_off.m4a */,
				463E0955DB79F6769175DEED /* anthropic_claude_sonnet_deep_dive_production_workhorse_positioning.m4a */,
				CBC45B191A9F5A597E1DCA57 /* anthropic_claude_sonnet_deep_dive_sonnet_46_overview.m4a */,
				5D88E8D36893741AB0B46ABC /* anthropic_claude_sonnet_deep_dive_sonnet_workload_patterns.m4a */,
			);
			path = Audio;
			sourceTree = "<group>";
		};
/* End PBXGroup section */

/* Begin PBXNativeTarget section */
		E0D319AAD17CC0B539893310 /* AISchool */ = {
			isa = PBXNativeTarget;
			buildConfigurationList = 3C13F704F487A7BE61F0F6A0 /* Build configuration list for PBXNativeTarget "AISchool" */;
			buildPhases = (
				6CDB8459CEB7E4E982AFC260 /* Sources */,
				0E0406EA7D78377CFA72FF58 /* Resources */,
			);
			buildRules = (
			);
			dependencies = (
			);
			name = AISchool;
			packageProductDependencies = (
			);
			productName = AISchool;
			productReference = 8A94F89CB8EBC0281FCBBBD1 /* AISchool.app */;
			productType = "com.apple.product-type.application";
		};
/* End PBXNativeTarget section */

/* Begin PBXProject section */
		4EF34FFA28BF4A1857858CA6 /* Project object */ = {
			isa = PBXProject;
			attributes = {
				BuildIndependentTargetsInParallel = YES;
				LastUpgradeCheck = 1430;
				TargetAttributes = {
					E0D319AAD17CC0B539893310 = {
						ProvisioningStyle = Automatic;
					};
				};
			};
			buildConfigurationList = 816FC62945BBA66F4A351E65 /* Build configuration list for PBXProject "AISchool" */;
			developmentRegion = en;
			hasScannedForEncodings = 0;
			knownRegions = (
				Base,
				en,
			);
			mainGroup = F4C5202950DE48AE6A4F9F69;
			minimizedProjectReferenceProxies = 1;
			preferredProjectObjectVersion = 77;
			productRefGroup = DCFAF30CD86FCFFF3BCBF196 /* Products */;
			projectDirPath = "";
			projectRoot = "";
			targets = (
				E0D319AAD17CC0B539893310 /* AISchool */,
			);
		};
/* End PBXProject section */

/* Begin PBXResourcesBuildPhase section */
		0E0406EA7D78377CFA72FF58 /* Resources */ = {
			isa = PBXResourcesBuildPhase;
			buildActionMask = 2147483647;
			files = (
				1358D1A825A1EE74A5B16BF3 /* Assets.xcassets in Resources */,
				188C94E1D64067A7BF0B2CC0 /* Inter-Bold.ttf in Resources */,
				2CF9F1930E80AFC606902928 /* Inter-ExtraBold.ttf in Resources */,
				9FF2C5DEDD1186C89360F51C /* Inter-Medium.ttf in Resources */,
				277DC2F886BBF551B095D523 /* Inter-Regular.ttf in Resources */,
				897586527258385D19F6CF61 /* Inter-SemiBold.ttf in Resources */,
				60EC698969AD2308B7A6BC32 /* PrivacyInfo.xcprivacy in Resources */,
				4CECAEBACA380A9508C8E933 /* ai_models_claude_haiku_4_5_haiku_4_5_batch.m4a in Resources */,
				8015A804E8AA68AA002A8789 /* ai_models_claude_haiku_4_5_haiku_4_5_latency.m4a in Resources */,
				C473D8F8EF9D6FD50DBB57A6 /* ai_models_claude_haiku_4_5_haiku_4_5_overview.m4a in Resources */,
				BB429BF3B7C147220E0075C5 /* ai_models_claude_haiku_4_5_haiku_4_5_production.m4a in Resources */,
				9B221AEC616CA1C6030E886D /* ai_models_claude_haiku_4_5_haiku_4_5_routing.m4a in Resources */,
				E1E7EC90B8CDC694892C9704 /* ai_models_claude_haiku_4_5_haiku_4_5_vs_mini.m4a in Resources */,
				4C005CFB08CFC865919C3A2A /* ai_models_claude_opus_4_7_opus_4_7_1m_context.m4a in Resources */,
				00965279FDC9BEBC7AB82041 /* ai_models_claude_opus_4_7_opus_4_7_agents.m4a in Resources */,
				23B5C6D10777DE1E338678BB /* ai_models_claude_opus_4_7_opus_4_7_coding.m4a in Resources */,
				067FCAD81F5DF7826797D445 /* ai_models_claude_opus_4_7_opus_4_7_overview.m4a in Resources */,
				F659AEE70527855E05C80930 /* ai_models_claude_opus_4_7_opus_4_7_production.m4a in Resources */,
				ED66AC7D870067E12AF5213F /* ai_models_claude_opus_4_7_opus_4_7_vs_sonnet.m4a in Resources */,
				B9BCFF69A724A76A3466F8AE /* ai_models_claude_sonnet_4_6_sonnet_4_6_cost_quality.m4a in Resources */,
				9B32C4F5851EF9EA592EA6B9 /* ai_models_claude_sonnet_4_6_sonnet_4_6_overview.m4a in Resources */,
				6C9E8FEB95AD79FD593CE52C /* ai_models_claude_sonnet_4_6_sonnet_4_6_production.m4a in Resources */,
				14CAEDDF5B83A2A9E8326A1E /* ai_models_claude_sonnet_4_6_sonnet_4_6_tool_use.m4a in Resources */,
				00D8FEDDF592A38B81BD0BDA /* ai_models_claude_sonnet_4_6_sonnet_4_6_vision.m4a in Resources */,
				244273F3E79C7CB0ADAE9BCB /* ai_models_claude_sonnet_4_6_sonnet_4_6_vs_others.m4a in Resources */,
				333A3938434C7108E9975B3F /* ai_models_gpt_4o_gpt_4o_audio.m4a in Resources */,
				B591971B2EE9F173CE349DC8 /* ai_models_gpt_4o_gpt_4o_mini.m4a in Resources */,
				5806B3155E84E7F4F8D51A85 /* ai_models_gpt_4o_gpt_4o_overview.m4a in Resources */,
				FBD98590B2655D0ABA149BCC /* ai_models_gpt_4o_gpt_4o_production.m4a in Resources */,
				279CFA08E6E0787CFA5ACB1B /* ai_models_gpt_4o_gpt_4o_structured_outputs.m4a in Resources */,
				1215EF68FDD4FABDDF86ED36 /* ai_models_gpt_4o_gpt_4o_vision.m4a in Resources */,
				6E13D388087A5BF9F9577A9A /* ai_models_gpt_5_gpt_5_capabilities.m4a in Resources */,
				7044160E96C42768665D4C98 /* ai_models_gpt_5_gpt_5_context_multimodal.m4a in Resources */,
				844A3EEB85EB3E47FA5EA702 /* ai_models_gpt_5_gpt_5_overview.m4a in Resources */,
				DED392FF1451546802065CA5 /* ai_models_gpt_5_gpt_5_pricing.m4a in Resources */,
				02D4C3D19BC6147365CD8F79 /* ai_models_gpt_5_gpt_5_production.m4a in Resources */,
				7FC7EE43E43E87A6AFE32717 /* ai_models_gpt_5_gpt_5_tool_use.m4a in Resources */,
				8B7AB5296CC2C926FE546959 /* ai_tools_aider_aider_architect_edit.m4a in Resources */,
				7E51E2E8DD6E014A5556C511 /* ai_tools_aider_aider_git.m4a in Resources */,
				E68ED04355DD906FB16C8018 /* ai_tools_aider_aider_models.m4a in Resources */,
				D72E652C3E54E816CCE72687 /* ai_tools_aider_aider_overview.m4a in Resources */,
				3247E1393EF0128BF7071435 /* ai_tools_aider_aider_repo_map.m4a in Resources */,
				6F89FB047C4F5EA677440253 /* ai_tools_aider_aider_voice.m4a in Resources */,
				293267FF38E05952CE553B03 /* ai_tools_claude_code_claude_code_hooks.m4a in Resources */,
				83D43373E09A12104FA0BE27 /* ai_tools_claude_code_claude_code_mcp.m4a in Resources */,
				C17BD017D18FCEA8261F6D2B /* ai_tools_claude_code_claude_code_overview.m4a in Resources */,
				046CBD756EDAFC94F4920C22 /* ai_tools_claude_code_claude_code_slash_commands.m4a in Resources */,
				4811750116219E248C481AD9 /* ai_tools_claude_code_claude_code_subagents.m4a in Resources */,
				4FB090070625A211BFC4EFF4 /* ai_tools_claude_code_claude_code_team_workflows.m4a in Resources */,
				F057C966B76D18BDBCAECC67 /* ai_tools_continue_dev_continue_config.m4a in Resources */,
				D794C4731AB56AAD09886088 /* ai_tools_continue_dev_continue_context_providers.m4a in Resources */,
				6858701CAD3AF0DF6D0CD8A4 /* ai_tools_continue_dev_continue_custom_commands.m4a in Resources */,
				6B8ACF19C01450C94BEB99D6 /* ai_tools_continue_dev_continue_overview.m4a in Resources */,
				CCB8077664101123900C7D82 /* ai_tools_continue_dev_continue_self_hosted.m4a in Resources */,
				AAFDD2681A4F60A9130E0106 /* ai_tools_continue_dev_continue_vs_cursor.m4a in Resources */,
				F74F6D2814A37DF046E187A1 /* ai_tools_cursor_editor_cursor_composer_agent.m4a in Resources */,
				7804A0C4C2276685298A5E66 /* ai_tools_cursor_editor_cursor_mcp.m4a in Resources */,
				991D6215A61487A15ABFA102 /* ai_tools_cursor_editor_cursor_overview.m4a in Resources */,
				2785E672ED7CFFABCD94D6F5 /* ai_tools_cursor_editor_cursor_rules.m4a in Resources */,
				C032B5E7178E00F7DDAB3A2B /* ai_tools_cursor_editor_cursor_tab.m4a in Resources */,
				D568162FA15AA70702FB1C6C /* ai_tools_cursor_editor_cursor_team.m4a in Resources */,
				E05BC1FBAD8FDC1CAB71C3D7 /* ai_tools_github_copilot_tool_copilot_agent_mode.m4a in Resources */,
				0E9977E757904F0137FDFF3E /* ai_tools_github_copilot_tool_copilot_enterprise.m4a in Resources */,
				0E81BDC5E353787D60E6D636 /* ai_tools_github_copilot_tool_copilot_inline_chat.m4a in Resources */,
				303A2A74853592D87243A9E4 /* ai_tools_github_copilot_tool_copilot_instructions.m4a in Resources */,
				9D9AC33D09E50E2B436B292B /* ai_tools_github_copilot_tool_copilot_overview.m4a in Resources */,
				D1A037757CFD67F55EA4A994 /* ai_tools_github_copilot_tool_copilot_workspace.m4a in Resources */,
				FA8F66D9EEDCC253BF087340 /* anthropic_claude_claude_models_overview_claude_family_overview.m4a in Resources */,
				996933480DA12C50C0D3D9B0 /* anthropic_claude_claude_models_overview_context_windows_across_the_family.m4a in Resources */,
				A92F5B9C01867CFB99B5B5BE /* anthropic_claude_claude_models_overview_family_pricing_shape.m4a in Resources */,
				A57536E5C77084E81A6A67C5 /* anthropic_claude_claude_models_overview_family_vs_external_models.m4a in Resources */,
				7F408630ACA1AD8601383D68 /* anthropic_claude_claude_models_overview_opus_sonnet_haiku_positioning.m4a in Resources */,
				C24A8813E124C55B47FAF684 /* anthropic_claude_claude_models_overview_picking_a_family_tier.m4a in Resources */,
				7D9473C925F01F5DFAF9CD5D /* anthropic_claude_haiku_deep_dive_cost_optimisation.m4a in Resources */,
				6DAB3D44324D5123CCFAA127 /* anthropic_claude_haiku_deep_dive_fast_cheap_positioning.m4a in Resources */,
				C36A1FC70AA65654439F8ED7 /* anthropic_claude_haiku_deep_dive_haiku_45_overview.m4a in Resources */,
				88F2C921D00CDF39C946C53F /* anthropic_claude_haiku_deep_dive_haiku_first_design_pattern.m4a in Resources */,
				884F4E6B6434707AD040DBB5 /* anthropic_claude_haiku_deep_dive_haiku_workload_patterns.m4a in Resources */,
				EFBC70FE1B2B0AE13EA5C992 /* anthropic_claude_haiku_deep_dive_latency_targets.m4a in Resources */,
				9D245D5088459E4361B7818C /* anthropic_claude_model_selection_benchmark_mapping.m4a in Resources */,
				2A376B6275D4DB63728DF2B5 /* anthropic_claude_model_selection_cascade_pattern.m4a in Resources */,
				7C335A1D03A354A37EF3E7E3 /* anthropic_claude_model_selection_decision_framework.m4a in Resources */,
				CA18672D435B6EE241AE227A /* anthropic_claude_model_selection_eval_discipline.m4a in Resources */,
				2A0396DD9CDD8C57EC199479 /* anthropic_claude_model_selection_model_selection_overview.m4a in Resources */,
				989DB520648B04124537FFC2 /* anthropic_claude_model_selection_selection_template.m4a in Resources */,
				B3D0F11F40BDB06AB93995B5 /* anthropic_claude_opus_deep_dive_1m_context_capability.m4a in Resources */,
				C0459AFB1E91367193AA8154 /* anthropic_claude_opus_deep_dive_cost_latency_profile.m4a in Resources */,
				CB9E5F4838B4556CBDB6C0D9 /* anthropic_claude_opus_deep_dive_frontier_reasoning.m4a in Resources */,
				17A674F6331ACC3AF15C8BED /* anthropic_claude_opus_deep_dive_opus_47_overview.m4a in Resources */,
				D68DD51213FBDB92A90C3C95 /* anthropic_claude_opus_deep_dive_opus_vs_sonnet_decision.m4a in Resources */,
				A3755C5E61E4918C20D8E5DF /* anthropic_claude_opus_deep_dive_opus_workload_patterns.m4a in Resources */,
				CD111879CBF9B103A35027C5 /* anthropic_claude_sonnet_deep_dive_migrating_from_earlier_sonnet.m4a in Resources */,
				AA096B0A188A775E6A8AECEC /* anthropic_claude_sonnet_deep_dive_opus_sonnet_cascade.m4a in Resources */,
				561FD32C60C61CAE51E7923D /* anthropic_claude_sonnet_deep_dive_price_quality_latency_trade_off.m4a in Resources */,
				5755BD642FB2D6BF20F85488 /* anthropic_claude_sonnet_deep_dive_production_workhorse_positioning.m4a in Resources */,
				A4D6161353E6FEDB26BEA8BC /* anthropic_claude_sonnet_deep_dive_sonnet_46_overview.m4a in Resources */,
				DF6FB1F78B6A82C72F37177A /* anthropic_claude_sonnet_deep_dive_sonnet_workload_patterns.m4a in Resources */,
				F1726C787496C704B77E4A8B /* syllabus.json in Resources */,
			);
			runOnlyForDeploymentPostprocessing = 0;
		};
/* End PBXResourcesBuildPhase section */

/* Begin PBXSourcesBuildPhase section */
		6CDB8459CEB7E4E982AFC260 /* Sources */ = {
			isa = PBXSourcesBuildPhase;
			buildActionMask = 2147483647;
			files = (
				D6757EA4EB90EB40E4C058B6 /* AISchoolApp.swift in Sources */,
				283B0394690168E3A2C2F5BD /* AudioPlayer.swift in Sources */,
				7EB55FB2DB935E8CF2827441 /* CarPlayPlaybackController.swift in Sources */,
				ECE3B3EF4BD87313D3F2AA77 /* CarPlaySceneDelegate.swift in Sources */,
				BDB10B5EAD1E9021F08F5971 /* CourseDetailView.swift in Sources */,
				0FF694E56B8B6FB5261F8395 /* CourseListView.swift in Sources */,
				4A643A5F01553E2D37FA49B3 /* Endpoints.swift in Sources */,
				665CFC28E10D5BD18BC2A1D9 /* LessonView.swift in Sources */,
				801C4389510EA7C4804831A9 /* Models.swift in Sources */,
				439087345E185785533B527E /* SeedSyllabus.swift in Sources */,
				915D8343D9AA04F181AC48CA /* SyllabusStore.swift in Sources */,
				A4F2683F1C48A4766CC53752 /* Theme.swift in Sources */,
				7A123DACA20BA94740F98402 /* WebView.swift in Sources */,
			);
			runOnlyForDeploymentPostprocessing = 0;
		};
/* End PBXSourcesBuildPhase section */

/* Begin XCBuildConfiguration section */
		2910AF073E88491B346FA1A5 /* Debug */ = {
			isa = XCBuildConfiguration;
			buildSettings = {
				ALWAYS_SEARCH_USER_PATHS = NO;
				CLANG_ANALYZER_NONNULL = YES;
				CLANG_ANALYZER_NUMBER_OBJECT_CONVERSION = YES_AGGRESSIVE;
				CLANG_CXX_LANGUAGE_STANDARD = "gnu++14";
				CLANG_CXX_LIBRARY = "libc++";
				CLANG_ENABLE_MODULES = YES;
				CLANG_ENABLE_OBJC_ARC = YES;
				CLANG_ENABLE_OBJC_WEAK = YES;
				CLANG_WARN_BLOCK_CAPTURE_AUTORELEASING = YES;
				CLANG_WARN_BOOL_CONVERSION = YES;
				CLANG_WARN_COMMA = YES;
				CLANG_WARN_CONSTANT_CONVERSION = YES;
				CLANG_WARN_DEPRECATED_OBJC_IMPLEMENTATIONS = YES;
				CLANG_WARN_DIRECT_OBJC_ISA_USAGE = YES_ERROR;
				CLANG_WARN_DOCUMENTATION_COMMENTS = YES;
				CLANG_WARN_EMPTY_BODY = YES;
				CLANG_WARN_ENUM_CONVERSION = YES;
				CLANG_WARN_INFINITE_RECURSION = YES;
				CLANG_WARN_INT_CONVERSION = YES;
				CLANG_WARN_NON_LITERAL_NULL_CONVERSION = YES;
				CLANG_WARN_OBJC_IMPLICIT_RETAIN_SELF = YES;
				CLANG_WARN_OBJC_LITERAL_CONVERSION = YES;
				CLANG_WARN_OBJC_ROOT_CLASS = YES_ERROR;
				CLANG_WARN_QUOTED_INCLUDE_IN_FRAMEWORK_HEADER = YES;
				CLANG_WARN_RANGE_LOOP_ANALYSIS = YES;
				CLANG_WARN_STRICT_PROTOTYPES = YES;
				CLANG_WARN_SUSPICIOUS_MOVE = YES;
				CLANG_WARN_UNGUARDED_AVAILABILITY = YES_AGGRESSIVE;
				CLANG_WARN_UNREACHABLE_CODE = YES;
				CLANG_WARN__DUPLICATE_METHOD_MATCH = YES;
				CODE_SIGN_STYLE = Automatic;
				COPY_PHASE_STRIP = NO;
				CURRENT_PROJECT_VERSION = 1;
				DEBUG_INFORMATION_FORMAT = dwarf;
				ENABLE_STRICT_OBJC_MSGSEND = YES;
				ENABLE_TESTABILITY = YES;
				GCC_C_LANGUAGE_STANDARD = gnu11;
				GCC_DYNAMIC_NO_PIC = NO;
				GCC_NO_COMMON_BLOCKS = YES;
				GCC_OPTIMIZATION_LEVEL = 0;
				GCC_PREPROCESSOR_DEFINITIONS = (
					"$(inherited)",
					"DEBUG=1",
				);
				GCC_WARN_64_TO_32_BIT_CONVERSION = YES;
				GCC_WARN_ABOUT_RETURN_TYPE = YES_ERROR;
				GCC_WARN_UNDECLARED_SELECTOR = YES;
				GCC_WARN_UNINITIALIZED_AUTOS = YES_AGGRESSIVE;
				GCC_WARN_UNUSED_FUNCTION = YES;
				GCC_WARN_UNUSED_VARIABLE = YES;
				IPHONEOS_DEPLOYMENT_TARGET = 18.0;
				MARKETING_VERSION = 1.0;
				MTL_ENABLE_DEBUG_INFO = INCLUDE_SOURCE;
				MTL_FAST_MATH = YES;
				ONLY_ACTIVE_ARCH = YES;
				PRODUCT_NAME = "$(TARGET_NAME)";
				SDKROOT = iphoneos;
				SWIFT_ACTIVE_COMPILATION_CONDITIONS = DEBUG;
				SWIFT_OPTIMIZATION_LEVEL = "-Onone";
				SWIFT_STRICT_CONCURRENCY = complete;
				SWIFT_VERSION = 6.0;
			};
			name = Debug;
		};
		4A536C992DB381D6693FA112 /* Release */ = {
			isa = XCBuildConfiguration;
			buildSettings = {
				ASSETCATALOG_COMPILER_APPICON_NAME = AppIcon;
				ASSETCATALOG_COMPILER_GLOBAL_ACCENT_COLOR_NAME = AccentColor;
				CODE_SIGN_ENTITLEMENTS = AISchool/Resources/AISchool.entitlements;
				CODE_SIGN_IDENTITY = "iPhone Developer";
				ENABLE_PREVIEWS = YES;
				INFOPLIST_FILE = AISchool/Resources/Info.plist;
				INFOPLIST_KEY_ITSAppUsesNonExemptEncryption = NO;
				LD_RUNPATH_SEARCH_PATHS = (
					"$(inherited)",
					"@executable_path/Frameworks",
				);
				PRODUCT_BUNDLE_IDENTIFIER = com.lillytech.aischool;
				SDKROOT = iphoneos;
				TARGETED_DEVICE_FAMILY = 1;
			};
			name = Release;
		};
		921D61F29F7323B38C7D0FB1 /* Release */ = {
			isa = XCBuildConfiguration;
			buildSettings = {
				ALWAYS_SEARCH_USER_PATHS = NO;
				CLANG_ANALYZER_NONNULL = YES;
				CLANG_ANALYZER_NUMBER_OBJECT_CONVERSION = YES_AGGRESSIVE;
				CLANG_CXX_LANGUAGE_STANDARD = "gnu++14";
				CLANG_CXX_LIBRARY = "libc++";
				CLANG_ENABLE_MODULES = YES;
				CLANG_ENABLE_OBJC_ARC = YES;
				CLANG_ENABLE_OBJC_WEAK = YES;
				CLANG_WARN_BLOCK_CAPTURE_AUTORELEASING = YES;
				CLANG_WARN_BOOL_CONVERSION = YES;
				CLANG_WARN_COMMA = YES;
				CLANG_WARN_CONSTANT_CONVERSION = YES;
				CLANG_WARN_DEPRECATED_OBJC_IMPLEMENTATIONS = YES;
				CLANG_WARN_DIRECT_OBJC_ISA_USAGE = YES_ERROR;
				CLANG_WARN_DOCUMENTATION_COMMENTS = YES;
				CLANG_WARN_EMPTY_BODY = YES;
				CLANG_WARN_ENUM_CONVERSION = YES;
				CLANG_WARN_INFINITE_RECURSION = YES;
				CLANG_WARN_INT_CONVERSION = YES;
				CLANG_WARN_NON_LITERAL_NULL_CONVERSION = YES;
				CLANG_WARN_OBJC_IMPLICIT_RETAIN_SELF = YES;
				CLANG_WARN_OBJC_LITERAL_CONVERSION = YES;
				CLANG_WARN_OBJC_ROOT_CLASS = YES_ERROR;
				CLANG_WARN_QUOTED_INCLUDE_IN_FRAMEWORK_HEADER = YES;
				CLANG_WARN_RANGE_LOOP_ANALYSIS = YES;
				CLANG_WARN_STRICT_PROTOTYPES = YES;
				CLANG_WARN_SUSPICIOUS_MOVE = YES;
				CLANG_WARN_UNGUARDED_AVAILABILITY = YES_AGGRESSIVE;
				CLANG_WARN_UNREACHABLE_CODE = YES;
				CLANG_WARN__DUPLICATE_METHOD_MATCH = YES;
				CODE_SIGN_STYLE = Automatic;
				COPY_PHASE_STRIP = NO;
				CURRENT_PROJECT_VERSION = 1;
				DEBUG_INFORMATION_FORMAT = "dwarf-with-dsym";
				ENABLE_NS_ASSERTIONS = NO;
				ENABLE_STRICT_OBJC_MSGSEND = YES;
				GCC_C_LANGUAGE_STANDARD = gnu11;
				GCC_NO_COMMON_BLOCKS = YES;
				GCC_WARN_64_TO_32_BIT_CONVERSION = YES;
				GCC_WARN_ABOUT_RETURN_TYPE = YES_ERROR;
				GCC_WARN_UNDECLARED_SELECTOR = YES;
				GCC_WARN_UNINITIALIZED_AUTOS = YES_AGGRESSIVE;
				GCC_WARN_UNUSED_FUNCTION = YES;
				GCC_WARN_UNUSED_VARIABLE = YES;
				IPHONEOS_DEPLOYMENT_TARGET = 18.0;
				MARKETING_VERSION = 1.0;
				MTL_ENABLE_DEBUG_INFO = NO;
				MTL_FAST_MATH = YES;
				PRODUCT_NAME = "$(TARGET_NAME)";
				SDKROOT = iphoneos;
				SWIFT_COMPILATION_MODE = wholemodule;
				SWIFT_OPTIMIZATION_LEVEL = "-O";
				SWIFT_STRICT_CONCURRENCY = complete;
				SWIFT_VERSION = 6.0;
			};
			name = Release;
		};
		A357717D4535A84B3BB4E69E /* Debug */ = {
			isa = XCBuildConfiguration;
			buildSettings = {
				ASSETCATALOG_COMPILER_APPICON_NAME = AppIcon;
				ASSETCATALOG_COMPILER_GLOBAL_ACCENT_COLOR_NAME = AccentColor;
				CODE_SIGN_ENTITLEMENTS = AISchool/Resources/AISchool.entitlements;
				CODE_SIGN_IDENTITY = "iPhone Developer";
				ENABLE_PREVIEWS = YES;
				INFOPLIST_FILE = AISchool/Resources/Info.plist;
				INFOPLIST_KEY_ITSAppUsesNonExemptEncryption = NO;
				LD_RUNPATH_SEARCH_PATHS = (
					"$(inherited)",
					"@executable_path/Frameworks",
				);
				PRODUCT_BUNDLE_IDENTIFIER = com.lillytech.aischool;
				SDKROOT = iphoneos;
				TARGETED_DEVICE_FAMILY = 1;
			};
			name = Debug;
		};
/* End XCBuildConfiguration section */

/* Begin XCConfigurationList section */
		3C13F704F487A7BE61F0F6A0 /* Build configuration list for PBXNativeTarget "AISchool" */ = {
			isa = XCConfigurationList;
			buildConfigurations = (
				A357717D4535A84B3BB4E69E /* Debug */,
				4A536C992DB381D6693FA112 /* Release */,
			);
			defaultConfigurationIsVisible = 0;
			defaultConfigurationName = Debug;
		};
		816FC62945BBA66F4A351E65 /* Build configuration list for PBXProject "AISchool" */ = {
			isa = XCConfigurationList;
			buildConfigurations = (
				2910AF073E88491B346FA1A5 /* Debug */,
				921D61F29F7323B38C7D0FB1 /* Release */,
			);
			defaultConfigurationIsVisible = 0;
			defaultConfigurationName = Debug;
		};
/* End XCConfigurationList section */
	};
	rootObject = 4EF34FFA28BF4A1857858CA6 /* Project object */;
}
