// !$*UTF8*$!
{
	archiveVersion = 1;
	classes = {
	};
	objectVersion = 77;
	objects = {

/* Begin PBXBuildFile section */
		0C66845C5565044AFCE795D4 /* genai_104.m4a in Resources */ = {isa = PBXBuildFile; fileRef = 9D9218EC591FCF9201B078E0 /* genai_104.m4a */; };
		0F2DD1F4D8C384EE59AC466B /* agents_202.m4a in Resources */ = {isa = PBXBuildFile; fileRef = 1FFED9D96455B0923BA2095C /* agents_202.m4a */; };
		0FF694E56B8B6FB5261F8395 /* CourseListView.swift in Sources */ = {isa = PBXBuildFile; fileRef = F53861EFE29112694C05914D /* CourseListView.swift */; };
		1358D1A825A1EE74A5B16BF3 /* Assets.xcassets in Resources */ = {isa = PBXBuildFile; fileRef = 08C8B8188F00693AB88BB471 /* Assets.xcassets */; };
		1398D8FF07CD46CA796B3F77 /* ft_603.m4a in Resources */ = {isa = PBXBuildFile; fileRef = 70EA1EE17E42F74DD5BDDD7E /* ft_603.m4a */; };
		256BD82CFF3F3B7AAC500775 /* genai_101.m4a in Resources */ = {isa = PBXBuildFile; fileRef = 9F816D69156C30E0ACA6711D /* genai_101.m4a */; };
		283B0394690168E3A2C2F5BD /* AudioPlayer.swift in Sources */ = {isa = PBXBuildFile; fileRef = A02A134AB776338B675AEE55 /* AudioPlayer.swift */; };
		3695202981BA6D849539850F /* cuda_403.m4a in Resources */ = {isa = PBXBuildFile; fileRef = E7319DEBC142D456C0A77067 /* cuda_403.m4a */; };
		3EEC272AEE67988EB9BB1C9D /* bw_301.m4a in Resources */ = {isa = PBXBuildFile; fileRef = 8D4AB684AF5018455E9CA95E /* bw_301.m4a */; };
		439087345E185785533B527E /* SeedSyllabus.swift in Sources */ = {isa = PBXBuildFile; fileRef = 915656A1FFA2E07AA6E4B96F /* SeedSyllabus.swift */; };
		4A643A5F01553E2D37FA49B3 /* Endpoints.swift in Sources */ = {isa = PBXBuildFile; fileRef = AC2093111E569E55269D99ED /* Endpoints.swift */; };
		4B717D2230889BF57B21E529 /* ft_601.m4a in Resources */ = {isa = PBXBuildFile; fileRef = E970672207657D2C9656C638 /* ft_601.m4a */; };
		4C658AC96CCC0390F5813385 /* bw_303.m4a in Resources */ = {isa = PBXBuildFile; fileRef = A064DB9026C99F1284832553 /* bw_303.m4a */; };
		58438C3DBD0BD4FE0ACBF693 /* vec_501.m4a in Resources */ = {isa = PBXBuildFile; fileRef = BDD680ECB73A400D4D211C1B /* vec_501.m4a */; };
		629446FC192961E7CD2AE7FB /* cuda_401.m4a in Resources */ = {isa = PBXBuildFile; fileRef = 9D1DD9C74E1D32ABDAE5D1BD /* cuda_401.m4a */; };
		665CFC28E10D5BD18BC2A1D9 /* LessonView.swift in Sources */ = {isa = PBXBuildFile; fileRef = BA0C316774CB8A7822405467 /* LessonView.swift */; };
		6DFC11F50A0F118B1394ABAD /* ft_602.m4a in Resources */ = {isa = PBXBuildFile; fileRef = 9B79C756B5E3CDA34DF308D3 /* ft_602.m4a */; };
		72DB65F30F7694D472AC4488 /* cuda_402.m4a in Resources */ = {isa = PBXBuildFile; fileRef = 344F58422D5E58590A6FB15F /* cuda_402.m4a */; };
		73EE24701E33D92E6B98E74A /* vec_503.m4a in Resources */ = {isa = PBXBuildFile; fileRef = E29D2FEBF554093505185D35 /* vec_503.m4a */; };
		7A123DACA20BA94740F98402 /* WebView.swift in Sources */ = {isa = PBXBuildFile; fileRef = 3236EB4F5397317DFE07620F /* WebView.swift */; };
		7FAFB741790FF0283752835C /* agents_203.m4a in Resources */ = {isa = PBXBuildFile; fileRef = 46182880199C924A1EE76AA0 /* agents_203.m4a */; };
		801C4389510EA7C4804831A9 /* Models.swift in Sources */ = {isa = PBXBuildFile; fileRef = 9BD205F09F6E6105A33A2ED7 /* Models.swift */; };
		915D8343D9AA04F181AC48CA /* SyllabusStore.swift in Sources */ = {isa = PBXBuildFile; fileRef = 9577FAC88094FE7F5B98B93C /* SyllabusStore.swift */; };
		994DB8957C7F4D221425A779 /* agents_201.m4a in Resources */ = {isa = PBXBuildFile; fileRef = A3F24BE7EDDFFFEBD5268A8D /* agents_201.m4a */; };
		9D32A91DBDAC155B77264A30 /* genai_102.m4a in Resources */ = {isa = PBXBuildFile; fileRef = 95AA06691DAC8F7030A278E2 /* genai_102.m4a */; };
		9D94FD54FEA6C19B8791F79A /* bw_302.m4a in Resources */ = {isa = PBXBuildFile; fileRef = 789A77754BBEFEB1A65EACE6 /* bw_302.m4a */; };
		A4F2683F1C48A4766CC53752 /* Theme.swift in Sources */ = {isa = PBXBuildFile; fileRef = 665711085AC4DAD676EEB693 /* Theme.swift */; };
		BDB10B5EAD1E9021F08F5971 /* CourseDetailView.swift in Sources */ = {isa = PBXBuildFile; fileRef = 580900A2ABEF106E743CF642 /* CourseDetailView.swift */; };
		D6757EA4EB90EB40E4C058B6 /* AISchoolApp.swift in Sources */ = {isa = PBXBuildFile; fileRef = BF1F8ED864E9EF6BD2F8ED29 /* AISchoolApp.swift */; };
		DF3C720AB0C4D2FBE9AF9FE2 /* vec_502.m4a in Resources */ = {isa = PBXBuildFile; fileRef = 34BA531CF48640E032E20EE8 /* vec_502.m4a */; };
		FB98308933126EC77C8F5176 /* genai_103.m4a in Resources */ = {isa = PBXBuildFile; fileRef = 2C0030CC3A8A2D451CE6C0EB /* genai_103.m4a */; };
/* End PBXBuildFile section */

/* Begin PBXFileReference section */
		08C8B8188F00693AB88BB471 /* Assets.xcassets */ = {isa = PBXFileReference; lastKnownFileType = folder.assetcatalog; path = Assets.xcassets; sourceTree = "<group>"; };
		1FFED9D96455B0923BA2095C /* agents_202.m4a */ = {isa = PBXFileReference; path = agents_202.m4a; sourceTree = "<group>"; };
		2C0030CC3A8A2D451CE6C0EB /* genai_103.m4a */ = {isa = PBXFileReference; path = genai_103.m4a; sourceTree = "<group>"; };
		2C4ED4ECD5C560EEE96F59AA /* Info.plist */ = {isa = PBXFileReference; lastKnownFileType = text.plist; path = Info.plist; sourceTree = "<group>"; };
		3236EB4F5397317DFE07620F /* WebView.swift */ = {isa = PBXFileReference; lastKnownFileType = sourcecode.swift; path = WebView.swift; sourceTree = "<group>"; };
		344F58422D5E58590A6FB15F /* cuda_402.m4a */ = {isa = PBXFileReference; path = cuda_402.m4a; sourceTree = "<group>"; };
		34BA531CF48640E032E20EE8 /* vec_502.m4a */ = {isa = PBXFileReference; path = vec_502.m4a; sourceTree = "<group>"; };
		46182880199C924A1EE76AA0 /* agents_203.m4a */ = {isa = PBXFileReference; path = agents_203.m4a; sourceTree = "<group>"; };
		580900A2ABEF106E743CF642 /* CourseDetailView.swift */ = {isa = PBXFileReference; lastKnownFileType = sourcecode.swift; path = CourseDetailView.swift; sourceTree = "<group>"; };
		665711085AC4DAD676EEB693 /* Theme.swift */ = {isa = PBXFileReference; lastKnownFileType = sourcecode.swift; path = Theme.swift; sourceTree = "<group>"; };
		70EA1EE17E42F74DD5BDDD7E /* ft_603.m4a */ = {isa = PBXFileReference; path = ft_603.m4a; sourceTree = "<group>"; };
		789A77754BBEFEB1A65EACE6 /* bw_302.m4a */ = {isa = PBXFileReference; path = bw_302.m4a; sourceTree = "<group>"; };
		8A94F89CB8EBC0281FCBBBD1 /* AISchool.app */ = {isa = PBXFileReference; includeInIndex = 0; lastKnownFileType = wrapper.application; path = AISchool.app; sourceTree = BUILT_PRODUCTS_DIR; };
		8D4AB684AF5018455E9CA95E /* bw_301.m4a */ = {isa = PBXFileReference; path = bw_301.m4a; sourceTree = "<group>"; };
		915656A1FFA2E07AA6E4B96F /* SeedSyllabus.swift */ = {isa = PBXFileReference; lastKnownFileType = sourcecode.swift; path = SeedSyllabus.swift; sourceTree = "<group>"; };
		9577FAC88094FE7F5B98B93C /* SyllabusStore.swift */ = {isa = PBXFileReference; lastKnownFileType = sourcecode.swift; path = SyllabusStore.swift; sourceTree = "<group>"; };
		95AA06691DAC8F7030A278E2 /* genai_102.m4a */ = {isa = PBXFileReference; path = genai_102.m4a; sourceTree = "<group>"; };
		9B79C756B5E3CDA34DF308D3 /* ft_602.m4a */ = {isa = PBXFileReference; path = ft_602.m4a; sourceTree = "<group>"; };
		9BD205F09F6E6105A33A2ED7 /* Models.swift */ = {isa = PBXFileReference; lastKnownFileType = sourcecode.swift; path = Models.swift; sourceTree = "<group>"; };
		9D1DD9C74E1D32ABDAE5D1BD /* cuda_401.m4a */ = {isa = PBXFileReference; path = cuda_401.m4a; sourceTree = "<group>"; };
		9D9218EC591FCF9201B078E0 /* genai_104.m4a */ = {isa = PBXFileReference; path = genai_104.m4a; sourceTree = "<group>"; };
		9F816D69156C30E0ACA6711D /* genai_101.m4a */ = {isa = PBXFileReference; path = genai_101.m4a; sourceTree = "<group>"; };
		A02A134AB776338B675AEE55 /* AudioPlayer.swift */ = {isa = PBXFileReference; lastKnownFileType = sourcecode.swift; path = AudioPlayer.swift; sourceTree = "<group>"; };
		A064DB9026C99F1284832553 /* bw_303.m4a */ = {isa = PBXFileReference; path = bw_303.m4a; sourceTree = "<group>"; };
		A3F24BE7EDDFFFEBD5268A8D /* agents_201.m4a */ = {isa = PBXFileReference; path = agents_201.m4a; sourceTree = "<group>"; };
		AC2093111E569E55269D99ED /* Endpoints.swift */ = {isa = PBXFileReference; lastKnownFileType = sourcecode.swift; path = Endpoints.swift; sourceTree = "<group>"; };
		BA0C316774CB8A7822405467 /* LessonView.swift */ = {isa = PBXFileReference; lastKnownFileType = sourcecode.swift; path = LessonView.swift; sourceTree = "<group>"; };
		BDD680ECB73A400D4D211C1B /* vec_501.m4a */ = {isa = PBXFileReference; path = vec_501.m4a; sourceTree = "<group>"; };
		BF1F8ED864E9EF6BD2F8ED29 /* AISchoolApp.swift */ = {isa = PBXFileReference; lastKnownFileType = sourcecode.swift; path = AISchoolApp.swift; sourceTree = "<group>"; };
		E29D2FEBF554093505185D35 /* vec_503.m4a */ = {isa = PBXFileReference; path = vec_503.m4a; sourceTree = "<group>"; };
		E7319DEBC142D456C0A77067 /* cuda_403.m4a */ = {isa = PBXFileReference; path = cuda_403.m4a; sourceTree = "<group>"; };
		E970672207657D2C9656C638 /* ft_601.m4a */ = {isa = PBXFileReference; path = ft_601.m4a; sourceTree = "<group>"; };
		F53861EFE29112694C05914D /* CourseListView.swift */ = {isa = PBXFileReference; lastKnownFileType = sourcecode.swift; path = CourseListView.swift; sourceTree = "<group>"; };
/* End PBXFileReference section */

/* Begin PBXGroup section */
		1346F5DB228492F118244B0C /* App */ = {
			isa = PBXGroup;
			children = (
				BF1F8ED864E9EF6BD2F8ED29 /* AISchoolApp.swift */,
			);
			path = App;
			sourceTree = "<group>";
		};
		1D6094AF12C7367F9262FD7D /* Theme */ = {
			isa = PBXGroup;
			children = (
				665711085AC4DAD676EEB693 /* Theme.swift */,
			);
			path = Theme;
			sourceTree = "<group>";
		};
		2EB29CC4375431F880F8355E /* Resources */ = {
			isa = PBXGroup;
			children = (
				08C8B8188F00693AB88BB471 /* Assets.xcassets */,
				2C4ED4ECD5C560EEE96F59AA /* Info.plist */,
				FF2A857A38EAD873387ABABB /* Audio */,
			);
			path = Resources;
			sourceTree = "<group>";
		};
		302E722817612FDAEA42D544 /* Model */ = {
			isa = PBXGroup;
			children = (
				AC2093111E569E55269D99ED /* Endpoints.swift */,
				9BD205F09F6E6105A33A2ED7 /* Models.swift */,
				915656A1FFA2E07AA6E4B96F /* SeedSyllabus.swift */,
			);
			path = Model;
			sourceTree = "<group>";
		};
		40D5461C368EE8D0DF57CC31 /* Views */ = {
			isa = PBXGroup;
			children = (
				580900A2ABEF106E743CF642 /* CourseDetailView.swift */,
				F53861EFE29112694C05914D /* CourseListView.swift */,
				BA0C316774CB8A7822405467 /* LessonView.swift */,
				3236EB4F5397317DFE07620F /* WebView.swift */,
			);
			path = Views;
			sourceTree = "<group>";
		};
		C49A6C906D3E2F0CF0A8BDBB /* AISchool */ = {
			isa = PBXGroup;
			children = (
				1346F5DB228492F118244B0C /* App */,
				EB5B85F706EFE728C507C16B /* Data */,
				302E722817612FDAEA42D544 /* Model */,
				2EB29CC4375431F880F8355E /* Resources */,
				1D6094AF12C7367F9262FD7D /* Theme */,
				40D5461C368EE8D0DF57CC31 /* Views */,
			);
			path = AISchool;
			sourceTree = "<group>";
		};
		DCFAF30CD86FCFFF3BCBF196 /* Products */ = {
			isa = PBXGroup;
			children = (
				8A94F89CB8EBC0281FCBBBD1 /* AISchool.app */,
			);
			name = Products;
			sourceTree = "<group>";
		};
		EB5B85F706EFE728C507C16B /* Data */ = {
			isa = PBXGroup;
			children = (
				A02A134AB776338B675AEE55 /* AudioPlayer.swift */,
				9577FAC88094FE7F5B98B93C /* SyllabusStore.swift */,
			);
			path = Data;
			sourceTree = "<group>";
		};
		F4C5202950DE48AE6A4F9F69 = {
			isa = PBXGroup;
			children = (
				C49A6C906D3E2F0CF0A8BDBB /* AISchool */,
				DCFAF30CD86FCFFF3BCBF196 /* Products */,
			);
			sourceTree = "<group>";
		};
		FF2A857A38EAD873387ABABB /* Audio */ = {
			isa = PBXGroup;
			children = (
				A3F24BE7EDDFFFEBD5268A8D /* agents_201.m4a */,
				1FFED9D96455B0923BA2095C /* agents_202.m4a */,
				46182880199C924A1EE76AA0 /* agents_203.m4a */,
				8D4AB684AF5018455E9CA95E /* bw_301.m4a */,
				789A77754BBEFEB1A65EACE6 /* bw_302.m4a */,
				A064DB9026C99F1284832553 /* bw_303.m4a */,
				9D1DD9C74E1D32ABDAE5D1BD /* cuda_401.m4a */,
				344F58422D5E58590A6FB15F /* cuda_402.m4a */,
				E7319DEBC142D456C0A77067 /* cuda_403.m4a */,
				E970672207657D2C9656C638 /* ft_601.m4a */,
				9B79C756B5E3CDA34DF308D3 /* ft_602.m4a */,
				70EA1EE17E42F74DD5BDDD7E /* ft_603.m4a */,
				9F816D69156C30E0ACA6711D /* genai_101.m4a */,
				95AA06691DAC8F7030A278E2 /* genai_102.m4a */,
				2C0030CC3A8A2D451CE6C0EB /* genai_103.m4a */,
				9D9218EC591FCF9201B078E0 /* genai_104.m4a */,
				BDD680ECB73A400D4D211C1B /* vec_501.m4a */,
				34BA531CF48640E032E20EE8 /* vec_502.m4a */,
				E29D2FEBF554093505185D35 /* vec_503.m4a */,
			);
			path = Audio;
			sourceTree = "<group>";
		};
/* End PBXGroup section */

/* Begin PBXNativeTarget section */
		E0D319AAD17CC0B539893310 /* AISchool */ = {
			isa = PBXNativeTarget;
			buildConfigurationList = 3C13F704F487A7BE61F0F6A0 /* Build configuration list for PBXNativeTarget "AISchool" */;
			buildPhases = (
				6CDB8459CEB7E4E982AFC260 /* Sources */,
				0E0406EA7D78377CFA72FF58 /* Resources */,
			);
			buildRules = (
			);
			dependencies = (
			);
			name = AISchool;
			packageProductDependencies = (
			);
			productName = AISchool;
			productReference = 8A94F89CB8EBC0281FCBBBD1 /* AISchool.app */;
			productType = "com.apple.product-type.application";
		};
/* End PBXNativeTarget section */

/* Begin PBXProject section */
		4EF34FFA28BF4A1857858CA6 /* Project object */ = {
			isa = PBXProject;
			attributes = {
				BuildIndependentTargetsInParallel = YES;
				LastUpgradeCheck = 1430;
				TargetAttributes = {
					E0D319AAD17CC0B539893310 = {
						ProvisioningStyle = Automatic;
					};
				};
			};
			buildConfigurationList = 816FC62945BBA66F4A351E65 /* Build configuration list for PBXProject "AISchool" */;
			developmentRegion = en;
			hasScannedForEncodings = 0;
			knownRegions = (
				Base,
				en,
			);
			mainGroup = F4C5202950DE48AE6A4F9F69;
			minimizedProjectReferenceProxies = 1;
			preferredProjectObjectVersion = 77;
			productRefGroup = DCFAF30CD86FCFFF3BCBF196 /* Products */;
			projectDirPath = "";
			projectRoot = "";
			targets = (
				E0D319AAD17CC0B539893310 /* AISchool */,
			);
		};
/* End PBXProject section */

/* Begin PBXResourcesBuildPhase section */
		0E0406EA7D78377CFA72FF58 /* Resources */ = {
			isa = PBXResourcesBuildPhase;
			buildActionMask = 2147483647;
			files = (
				1358D1A825A1EE74A5B16BF3 /* Assets.xcassets in Resources */,
				994DB8957C7F4D221425A779 /* agents_201.m4a in Resources */,
				0F2DD1F4D8C384EE59AC466B /* agents_202.m4a in Resources */,
				7FAFB741790FF0283752835C /* agents_203.m4a in Resources */,
				3EEC272AEE67988EB9BB1C9D /* bw_301.m4a in Resources */,
				9D94FD54FEA6C19B8791F79A /* bw_302.m4a in Resources */,
				4C658AC96CCC0390F5813385 /* bw_303.m4a in Resources */,
				629446FC192961E7CD2AE7FB /* cuda_401.m4a in Resources */,
				72DB65F30F7694D472AC4488 /* cuda_402.m4a in Resources */,
				3695202981BA6D849539850F /* cuda_403.m4a in Resources */,
				4B717D2230889BF57B21E529 /* ft_601.m4a in Resources */,
				6DFC11F50A0F118B1394ABAD /* ft_602.m4a in Resources */,
				1398D8FF07CD46CA796B3F77 /* ft_603.m4a in Resources */,
				256BD82CFF3F3B7AAC500775 /* genai_101.m4a in Resources */,
				9D32A91DBDAC155B77264A30 /* genai_102.m4a in Resources */,
				FB98308933126EC77C8F5176 /* genai_103.m4a in Resources */,
				0C66845C5565044AFCE795D4 /* genai_104.m4a in Resources */,
				58438C3DBD0BD4FE0ACBF693 /* vec_501.m4a in Resources */,
				DF3C720AB0C4D2FBE9AF9FE2 /* vec_502.m4a in Resources */,
				73EE24701E33D92E6B98E74A /* vec_503.m4a in Resources */,
			);
			runOnlyForDeploymentPostprocessing = 0;
		};
/* End PBXResourcesBuildPhase section */

/* Begin PBXSourcesBuildPhase section */
		6CDB8459CEB7E4E982AFC260 /* Sources */ = {
			isa = PBXSourcesBuildPhase;
			buildActionMask = 2147483647;
			files = (
				D6757EA4EB90EB40E4C058B6 /* AISchoolApp.swift in Sources */,
				283B0394690168E3A2C2F5BD /* AudioPlayer.swift in Sources */,
				BDB10B5EAD1E9021F08F5971 /* CourseDetailView.swift in Sources */,
				0FF694E56B8B6FB5261F8395 /* CourseListView.swift in Sources */,
				4A643A5F01553E2D37FA49B3 /* Endpoints.swift in Sources */,
				665CFC28E10D5BD18BC2A1D9 /* LessonView.swift in Sources */,
				801C4389510EA7C4804831A9 /* Models.swift in Sources */,
				439087345E185785533B527E /* SeedSyllabus.swift in Sources */,
				915D8343D9AA04F181AC48CA /* SyllabusStore.swift in Sources */,
				A4F2683F1C48A4766CC53752 /* Theme.swift in Sources */,
				7A123DACA20BA94740F98402 /* WebView.swift in Sources */,
			);
			runOnlyForDeploymentPostprocessing = 0;
		};
/* End PBXSourcesBuildPhase section */

/* Begin XCBuildConfiguration section */
		2910AF073E88491B346FA1A5 /* Debug */ = {
			isa = XCBuildConfiguration;
			buildSettings = {
				ALWAYS_SEARCH_USER_PATHS = NO;
				CLANG_ANALYZER_NONNULL = YES;
				CLANG_ANALYZER_NUMBER_OBJECT_CONVERSION = YES_AGGRESSIVE;
				CLANG_CXX_LANGUAGE_STANDARD = "gnu++14";
				CLANG_CXX_LIBRARY = "libc++";
				CLANG_ENABLE_MODULES = YES;
				CLANG_ENABLE_OBJC_ARC = YES;
				CLANG_ENABLE_OBJC_WEAK = YES;
				CLANG_WARN_BLOCK_CAPTURE_AUTORELEASING = YES;
				CLANG_WARN_BOOL_CONVERSION = YES;
				CLANG_WARN_COMMA = YES;
				CLANG_WARN_CONSTANT_CONVERSION = YES;
				CLANG_WARN_DEPRECATED_OBJC_IMPLEMENTATIONS = YES;
				CLANG_WARN_DIRECT_OBJC_ISA_USAGE = YES_ERROR;
				CLANG_WARN_DOCUMENTATION_COMMENTS = YES;
				CLANG_WARN_EMPTY_BODY = YES;
				CLANG_WARN_ENUM_CONVERSION = YES;
				CLANG_WARN_INFINITE_RECURSION = YES;
				CLANG_WARN_INT_CONVERSION = YES;
				CLANG_WARN_NON_LITERAL_NULL_CONVERSION = YES;
				CLANG_WARN_OBJC_IMPLICIT_RETAIN_SELF = YES;
				CLANG_WARN_OBJC_LITERAL_CONVERSION = YES;
				CLANG_WARN_OBJC_ROOT_CLASS = YES_ERROR;
				CLANG_WARN_QUOTED_INCLUDE_IN_FRAMEWORK_HEADER = YES;
				CLANG_WARN_RANGE_LOOP_ANALYSIS = YES;
				CLANG_WARN_STRICT_PROTOTYPES = YES;
				CLANG_WARN_SUSPICIOUS_MOVE = YES;
				CLANG_WARN_UNGUARDED_AVAILABILITY = YES_AGGRESSIVE;
				CLANG_WARN_UNREACHABLE_CODE = YES;
				CLANG_WARN__DUPLICATE_METHOD_MATCH = YES;
				CODE_SIGN_STYLE = Automatic;
				COPY_PHASE_STRIP = NO;
				CURRENT_PROJECT_VERSION = 1;
				DEBUG_INFORMATION_FORMAT = dwarf;
				ENABLE_STRICT_OBJC_MSGSEND = YES;
				ENABLE_TESTABILITY = YES;
				GCC_C_LANGUAGE_STANDARD = gnu11;
				GCC_DYNAMIC_NO_PIC = NO;
				GCC_NO_COMMON_BLOCKS = YES;
				GCC_OPTIMIZATION_LEVEL = 0;
				GCC_PREPROCESSOR_DEFINITIONS = (
					"$(inherited)",
					"DEBUG=1",
				);
				GCC_WARN_64_TO_32_BIT_CONVERSION = YES;
				GCC_WARN_ABOUT_RETURN_TYPE = YES_ERROR;
				GCC_WARN_UNDECLARED_SELECTOR = YES;
				GCC_WARN_UNINITIALIZED_AUTOS = YES_AGGRESSIVE;
				GCC_WARN_UNUSED_FUNCTION = YES;
				GCC_WARN_UNUSED_VARIABLE = YES;
				IPHONEOS_DEPLOYMENT_TARGET = 17.0;
				MARKETING_VERSION = 1.0;
				MTL_ENABLE_DEBUG_INFO = INCLUDE_SOURCE;
				MTL_FAST_MATH = YES;
				ONLY_ACTIVE_ARCH = YES;
				PRODUCT_NAME = "$(TARGET_NAME)";
				SDKROOT = iphoneos;
				SWIFT_ACTIVE_COMPILATION_CONDITIONS = DEBUG;
				SWIFT_OPTIMIZATION_LEVEL = "-Onone";
				SWIFT_VERSION = 5.0;
			};
			name = Debug;
		};
		4A536C992DB381D6693FA112 /* Release */ = {
			isa = XCBuildConfiguration;
			buildSettings = {
				ASSETCATALOG_COMPILER_APPICON_NAME = AppIcon;
				ASSETCATALOG_COMPILER_GLOBAL_ACCENT_COLOR_NAME = AccentColor;
				CODE_SIGN_IDENTITY = "iPhone Developer";
				ENABLE_PREVIEWS = YES;
				INFOPLIST_FILE = AISchool/Resources/Info.plist;
				LD_RUNPATH_SEARCH_PATHS = (
					"$(inherited)",
					"@executable_path/Frameworks",
				);
				PRODUCT_BUNDLE_IDENTIFIER = com.lillytech.aischool;
				SDKROOT = iphoneos;
				TARGETED_DEVICE_FAMILY = 1;
			};
			name = Release;
		};
		921D61F29F7323B38C7D0FB1 /* Release */ = {
			isa = XCBuildConfiguration;
			buildSettings = {
				ALWAYS_SEARCH_USER_PATHS = NO;
				CLANG_ANALYZER_NONNULL = YES;
				CLANG_ANALYZER_NUMBER_OBJECT_CONVERSION = YES_AGGRESSIVE;
				CLANG_CXX_LANGUAGE_STANDARD = "gnu++14";
				CLANG_CXX_LIBRARY = "libc++";
				CLANG_ENABLE_MODULES = YES;
				CLANG_ENABLE_OBJC_ARC = YES;
				CLANG_ENABLE_OBJC_WEAK = YES;
				CLANG_WARN_BLOCK_CAPTURE_AUTORELEASING = YES;
				CLANG_WARN_BOOL_CONVERSION = YES;
				CLANG_WARN_COMMA = YES;
				CLANG_WARN_CONSTANT_CONVERSION = YES;
				CLANG_WARN_DEPRECATED_OBJC_IMPLEMENTATIONS = YES;
				CLANG_WARN_DIRECT_OBJC_ISA_USAGE = YES_ERROR;
				CLANG_WARN_DOCUMENTATION_COMMENTS = YES;
				CLANG_WARN_EMPTY_BODY = YES;
				CLANG_WARN_ENUM_CONVERSION = YES;
				CLANG_WARN_INFINITE_RECURSION = YES;
				CLANG_WARN_INT_CONVERSION = YES;
				CLANG_WARN_NON_LITERAL_NULL_CONVERSION = YES;
				CLANG_WARN_OBJC_IMPLICIT_RETAIN_SELF = YES;
				CLANG_WARN_OBJC_LITERAL_CONVERSION = YES;
				CLANG_WARN_OBJC_ROOT_CLASS = YES_ERROR;
				CLANG_WARN_QUOTED_INCLUDE_IN_FRAMEWORK_HEADER = YES;
				CLANG_WARN_RANGE_LOOP_ANALYSIS = YES;
				CLANG_WARN_STRICT_PROTOTYPES = YES;
				CLANG_WARN_SUSPICIOUS_MOVE = YES;
				CLANG_WARN_UNGUARDED_AVAILABILITY = YES_AGGRESSIVE;
				CLANG_WARN_UNREACHABLE_CODE = YES;
				CLANG_WARN__DUPLICATE_METHOD_MATCH = YES;
				CODE_SIGN_STYLE = Automatic;
				COPY_PHASE_STRIP = NO;
				CURRENT_PROJECT_VERSION = 1;
				DEBUG_INFORMATION_FORMAT = "dwarf-with-dsym";
				ENABLE_NS_ASSERTIONS = NO;
				ENABLE_STRICT_OBJC_MSGSEND = YES;
				GCC_C_LANGUAGE_STANDARD = gnu11;
				GCC_NO_COMMON_BLOCKS = YES;
				GCC_WARN_64_TO_32_BIT_CONVERSION = YES;
				GCC_WARN_ABOUT_RETURN_TYPE = YES_ERROR;
				GCC_WARN_UNDECLARED_SELECTOR = YES;
				GCC_WARN_UNINITIALIZED_AUTOS = YES_AGGRESSIVE;
				GCC_WARN_UNUSED_FUNCTION = YES;
				GCC_WARN_UNUSED_VARIABLE = YES;
				IPHONEOS_DEPLOYMENT_TARGET = 17.0;
				MARKETING_VERSION = 1.0;
				MTL_ENABLE_DEBUG_INFO = NO;
				MTL_FAST_MATH = YES;
				PRODUCT_NAME = "$(TARGET_NAME)";
				SDKROOT = iphoneos;
				SWIFT_COMPILATION_MODE = wholemodule;
				SWIFT_OPTIMIZATION_LEVEL = "-O";
				SWIFT_VERSION = 5.0;
			};
			name = Release;
		};
		A357717D4535A84B3BB4E69E /* Debug */ = {
			isa = XCBuildConfiguration;
			buildSettings = {
				ASSETCATALOG_COMPILER_APPICON_NAME = AppIcon;
				ASSETCATALOG_COMPILER_GLOBAL_ACCENT_COLOR_NAME = AccentColor;
				CODE_SIGN_IDENTITY = "iPhone Developer";
				ENABLE_PREVIEWS = YES;
				INFOPLIST_FILE = AISchool/Resources/Info.plist;
				LD_RUNPATH_SEARCH_PATHS = (
					"$(inherited)",
					"@executable_path/Frameworks",
				);
				PRODUCT_BUNDLE_IDENTIFIER = com.lillytech.aischool;
				SDKROOT = iphoneos;
				TARGETED_DEVICE_FAMILY = 1;
			};
			name = Debug;
		};
/* End XCBuildConfiguration section */

/* Begin XCConfigurationList section */
		3C13F704F487A7BE61F0F6A0 /* Build configuration list for PBXNativeTarget "AISchool" */ = {
			isa = XCConfigurationList;
			buildConfigurations = (
				A357717D4535A84B3BB4E69E /* Debug */,
				4A536C992DB381D6693FA112 /* Release */,
			);
			defaultConfigurationIsVisible = 0;
			defaultConfigurationName = Debug;
		};
		816FC62945BBA66F4A351E65 /* Build configuration list for PBXProject "AISchool" */ = {
			isa = XCConfigurationList;
			buildConfigurations = (
				2910AF073E88491B346FA1A5 /* Debug */,
				921D61F29F7323B38C7D0FB1 /* Release */,
			);
			defaultConfigurationIsVisible = 0;
			defaultConfigurationName = Debug;
		};
/* End XCConfigurationList section */
	};
	rootObject = 4EF34FFA28BF4A1857858CA6 /* Project object */;
}
